// !$*UTF8*$!
{
	archiveVersion = 1;
	classes = {
	};
	objectVersion = 46;
	objects = {

/* Begin PBXBuildFile section */
		A00B865F184901A300DF8F7D /* API.m in Sources */ = {isa = PBXBuildFile; fileRef = A00B865E184901A300DF8F7D /* API.m */; };
		A00B869218491AF100DF8F7D /* AFHTTPRequestOperation.m in Sources */ = {isa = PBXBuildFile; fileRef = A00B868018491AF100DF8F7D /* AFHTTPRequestOperation.m */; };
		A00B869318491AF100DF8F7D /* AFHTTPRequestOperationManager.m in Sources */ = {isa = PBXBuildFile; fileRef = A00B868218491AF100DF8F7D /* AFHTTPRequestOperationManager.m */; };
		A00B869418491AF100DF8F7D /* AFHTTPSessionManager.m in Sources */ = {isa = PBXBuildFile; fileRef = A00B868418491AF100DF8F7D /* AFHTTPSessionManager.m */; };
		A00B869518491AF100DF8F7D /* AFNetworkReachabilityManager.m in Sources */ = {isa = PBXBuildFile; fileRef = A00B868718491AF100DF8F7D /* AFNetworkReachabilityManager.m */; };
		A00B869618491AF100DF8F7D /* AFSecurityPolicy.m in Sources */ = {isa = PBXBuildFile; fileRef = A00B868918491AF100DF8F7D /* AFSecurityPolicy.m */; };
		A00B869718491AF100DF8F7D /* AFURLConnectionOperation.m in Sources */ = {isa = PBXBuildFile; fileRef = A00B868B18491AF100DF8F7D /* AFURLConnectionOperation.m */; };
		A00B869818491AF100DF8F7D /* AFURLRequestSerialization.m in Sources */ = {isa = PBXBuildFile; fileRef = A00B868D18491AF100DF8F7D /* AFURLRequestSerialization.m */; };
		A00B869918491AF100DF8F7D /* AFURLResponseSerialization.m in Sources */ = {isa = PBXBuildFile; fileRef = A00B868F18491AF100DF8F7D /* AFURLResponseSerialization.m */; };
		A00B869A18491AF100DF8F7D /* AFURLSessionManager.m in Sources */ = {isa = PBXBuildFile; fileRef = A00B869118491AF100DF8F7D /* AFURLSessionManager.m */; };
		A010A9E21854DEC200506C37 /* logo_1.png in Resources */ = {isa = PBXBuildFile; fileRef = A010A9DF1854DEC200506C37 /* logo_1.png */; };
		A010A9E31854DEC200506C37 /* logo_2.png in Resources */ = {isa = PBXBuildFile; fileRef = A010A9E01854DEC200506C37 /* logo_2.png */; };
		A010A9E41854DEC200506C37 /* logo_3.png in Resources */ = {isa = PBXBuildFile; fileRef = A010A9E11854DEC200506C37 /* logo_3.png */; };
		A010A9E71854E07A00506C37 /* splash_1.png in Resources */ = {isa = PBXBuildFile; fileRef = A010A9E51854E07A00506C37 /* splash_1.png */; };
		A010A9E81854E07A00506C37 /* splash_2.png in Resources */ = {isa = PBXBuildFile; fileRef = A010A9E61854E07A00506C37 /* splash_2.png */; };
		A010A9EA1854E18D00506C37 /* Default-568h@2x.png in Resources */ = {isa = PBXBuildFile; fileRef = A010A9E91854E18D00506C37 /* Default-568h@2x.png */; };
		A010A9EE1854EDE500506C37 /* head.png in Resources */ = {isa = PBXBuildFile; fileRef = A010A9ED1854EDE500506C37 /* head.png */; };
		A02D82F1182821E90087E1E7 /* Foundation.framework in Frameworks */ = {isa = PBXBuildFile; fileRef = A02D82F0182821E90087E1E7 /* Foundation.framework */; };
		A02D82F3182821EA0087E1E7 /* CoreGraphics.framework in Frameworks */ = {isa = PBXBuildFile; fileRef = A02D82F2182821EA0087E1E7 /* CoreGraphics.framework */; };
		A02D82F5182821EA0087E1E7 /* UIKit.framework in Frameworks */ = {isa = PBXBuildFile; fileRef = A02D82F4182821EA0087E1E7 /* UIKit.framework */; };
		A02D82FB182821EA0087E1E7 /* InfoPlist.strings in Resources */ = {isa = PBXBuildFile; fileRef = A02D82F9182821EA0087E1E7 /* InfoPlist.strings */; };
		A02D82FD182821EA0087E1E7 /* main.m in Sources */ = {isa = PBXBuildFile; fileRef = A02D82FC182821EA0087E1E7 /* main.m */; };
		A02D8301182821EA0087E1E7 /* AppDelegate.m in Sources */ = {isa = PBXBuildFile; fileRef = A02D8300182821EA0087E1E7 /* AppDelegate.m */; };
		A02D8304182821EA0087E1E7 /* Main.storyboard in Resources */ = {isa = PBXBuildFile; fileRef = A02D8302182821EA0087E1E7 /* Main.storyboard */; };
		A02D8307182821EA0087E1E7 /* ViewController.m in Sources */ = {isa = PBXBuildFile; fileRef = A02D8306182821EA0087E1E7 /* ViewController.m */; };
		A02D8309182821EA0087E1E7 /* Images.xcassets in Resources */ = {isa = PBXBuildFile; fileRef = A02D8308182821EA0087E1E7 /* Images.xcassets */; };
		A02D8310182821EA0087E1E7 /* XCTest.framework in Frameworks */ = {isa = PBXBuildFile; fileRef = A02D830F182821EA0087E1E7 /* XCTest.framework */; };
		A02D8311182821EA0087E1E7 /* Foundation.framework in Frameworks */ = {isa = PBXBuildFile; fileRef = A02D82F0182821E90087E1E7 /* Foundation.framework */; };
		A02D8312182821EA0087E1E7 /* UIKit.framework in Frameworks */ = {isa = PBXBuildFile; fileRef = A02D82F4182821EA0087E1E7 /* UIKit.framework */; };
		A02D831A182821EA0087E1E7 /* InfoPlist.strings in Resources */ = {isa = PBXBuildFile; fileRef = A02D8318182821EA0087E1E7 /* InfoPlist.strings */; };
		A02D831C182821EA0087E1E7 /* Quiero_BesarteTests.m in Sources */ = {isa = PBXBuildFile; fileRef = A02D831B182821EA0087E1E7 /* Quiero_BesarteTests.m */; };
		A067FDE3184A15C900FD70F4 /* MenuController.m in Sources */ = {isa = PBXBuildFile; fileRef = A067FDE2184A15C900FD70F4 /* MenuController.m */; };
		A0E254031847CE8F0047EAF3 /* logo.png in Resources */ = {isa = PBXBuildFile; fileRef = A0E254021847CE8F0047EAF3 /* logo.png */; };
		A0E254051847CFF40047EAF3 /* background.png in Resources */ = {isa = PBXBuildFile; fileRef = A0E254041847CFF40047EAF3 /* background.png */; };
		A0E254091847D2510047EAF3 /* facebook_icon.png in Resources */ = {isa = PBXBuildFile; fileRef = A0E254061847D2510047EAF3 /* facebook_icon.png */; };
		A0E2540A1847D2510047EAF3 /* twitter_icon.png in Resources */ = {isa = PBXBuildFile; fileRef = A0E254071847D2510047EAF3 /* twitter_icon.png */; };
		A0E2540B1847D2510047EAF3 /* vimeo_icon.png in Resources */ = {isa = PBXBuildFile; fileRef = A0E254081847D2510047EAF3 /* vimeo_icon.png */; };
		A0EB1080184BD1910049F517 /* MWCaptionView.m in Sources */ = {isa = PBXBuildFile; fileRef = A0EB1047184BD1910049F517 /* MWCaptionView.m */; };
		A0EB1081184BD1910049F517 /* MWPhoto.m in Sources */ = {isa = PBXBuildFile; fileRef = A0EB104A184BD1910049F517 /* MWPhoto.m */; };
		A0EB1082184BD1910049F517 /* MWPhotoBrowser.m in Sources */ = {isa = PBXBuildFile; fileRef = A0EB104C184BD1910049F517 /* MWPhotoBrowser.m */; };
		A0EB1083184BD1910049F517 /* MWTapDetectingImageView.m in Sources */ = {isa = PBXBuildFile; fileRef = A0EB104F184BD1910049F517 /* MWTapDetectingImageView.m */; };
		A0EB1084184BD1910049F517 /* MWTapDetectingView.m in Sources */ = {isa = PBXBuildFile; fileRef = A0EB1051184BD1910049F517 /* MWTapDetectingView.m */; };
		A0EB1085184BD1910049F517 /* MWZoomingScrollView.m in Sources */ = {isa = PBXBuildFile; fileRef = A0EB1053184BD1910049F517 /* MWZoomingScrollView.m */; };
		A0EB1086184BD1910049F517 /* DACircularProgressView.m in Sources */ = {isa = PBXBuildFile; fileRef = A0EB1057184BD1910049F517 /* DACircularProgressView.m */; };
		A0EB1087184BD1910049F517 /* MBProgressHUD.m in Sources */ = {isa = PBXBuildFile; fileRef = A0EB105A184BD1910049F517 /* MBProgressHUD.m */; };
		A0EB1088184BD1910049F517 /* README.mdown in Resources */ = {isa = PBXBuildFile; fileRef = A0EB105B184BD1910049F517 /* README.mdown */; };
		A0EB1089184BD1910049F517 /* LICENSE in Resources */ = {isa = PBXBuildFile; fileRef = A0EB105D184BD1910049F517 /* LICENSE */; };
		A0EB108A184BD1910049F517 /* README.md in Resources */ = {isa = PBXBuildFile; fileRef = A0EB105E184BD1910049F517 /* README.md */; };
		A0EB108B184BD1910049F517 /* NSData+GIF.m in Sources */ = {isa = PBXBuildFile; fileRef = A0EB1061184BD1910049F517 /* NSData+GIF.m */; };
		A0EB108C184BD1910049F517 /* SDImageCache.m in Sources */ = {isa = PBXBuildFile; fileRef = A0EB1063184BD1910049F517 /* SDImageCache.m */; };
		A0EB108D184BD1910049F517 /* SDWebImageCompat.m in Sources */ = {isa = PBXBuildFile; fileRef = A0EB1065184BD1910049F517 /* SDWebImageCompat.m */; };
		A0EB108E184BD1910049F517 /* SDWebImageDecoder.m in Sources */ = {isa = PBXBuildFile; fileRef = A0EB1067184BD1910049F517 /* SDWebImageDecoder.m */; };
		A0EB108F184BD1910049F517 /* SDWebImageDownloader.m in Sources */ = {isa = PBXBuildFile; fileRef = A0EB1069184BD1910049F517 /* SDWebImageDownloader.m */; };
		A0EB1090184BD1910049F517 /* SDWebImageDownloaderOperation.m in Sources */ = {isa = PBXBuildFile; fileRef = A0EB106B184BD1910049F517 /* SDWebImageDownloaderOperation.m */; };
		A0EB1091184BD1910049F517 /* SDWebImageManager.m in Sources */ = {isa = PBXBuildFile; fileRef = A0EB106D184BD1910049F517 /* SDWebImageManager.m */; };
		A0EB1092184BD1910049F517 /* SDWebImagePrefetcher.m in Sources */ = {isa = PBXBuildFile; fileRef = A0EB1070184BD1910049F517 /* SDWebImagePrefetcher.m */; };
		A0EB1093184BD1910049F517 /* UIButton+WebCache.m in Sources */ = {isa = PBXBuildFile; fileRef = A0EB1072184BD1910049F517 /* UIButton+WebCache.m */; };
		A0EB1094184BD1910049F517 /* UIImage+GIF.m in Sources */ = {isa = PBXBuildFile; fileRef = A0EB1074184BD1910049F517 /* UIImage+GIF.m */; };
		A0EB1095184BD1910049F517 /* UIImage+MultiFormat.m in Sources */ = {isa = PBXBuildFile; fileRef = A0EB1076184BD1910049F517 /* UIImage+MultiFormat.m */; };
		A0EB1096184BD1910049F517 /* UIImage+WebP.m in Sources */ = {isa = PBXBuildFile; fileRef = A0EB1078184BD1910049F517 /* UIImage+WebP.m */; };
		A0EB1097184BD1910049F517 /* UIImageView+WebCache.m in Sources */ = {isa = PBXBuildFile; fileRef = A0EB107A184BD1910049F517 /* UIImageView+WebCache.m */; };
		A0EB1098184BD1910049F517 /* MWPhotoBrowser.bundle in Resources */ = {isa = PBXBuildFile; fileRef = A0EB107C184BD1910049F517 /* MWPhotoBrowser.bundle */; };
		A0EB109E184BD2D30049F517 /* Image.m in Sources */ = {isa = PBXBuildFile; fileRef = A0EB109D184BD2D30049F517 /* Image.m */; };
/* End PBXBuildFile section */

/* Begin PBXContainerItemProxy section */
		A02D8313182821EA0087E1E7 /* PBXContainerItemProxy */ = {
			isa = PBXContainerItemProxy;
			containerPortal = A02D82E5182821E90087E1E7 /* Project object */;
			proxyType = 1;
			remoteGlobalIDString = A02D82EC182821E90087E1E7;
			remoteInfo = "Quiero Besarte";
		};
/* End PBXContainerItemProxy section */

/* Begin PBXFileReference section */
		A00B865D184901A300DF8F7D /* API.h */ = {isa = PBXFileReference; fileEncoding = 4; lastKnownFileType = sourcecode.c.h; path = API.h; sourceTree = "<group>"; };
		A00B865E184901A300DF8F7D /* API.m */ = {isa = PBXFileReference; fileEncoding = 4; lastKnownFileType = sourcecode.c.objc; path = API.m; sourceTree = "<group>"; };
		A00B867F18491AF100DF8F7D /* AFHTTPRequestOperation.h */ = {isa = PBXFileReference; fileEncoding = 4; lastKnownFileType = sourcecode.c.h; path = AFHTTPRequestOperation.h; sourceTree = "<group>"; };
		A00B868018491AF100DF8F7D /* AFHTTPRequestOperation.m */ = {isa = PBXFileReference; fileEncoding = 4; lastKnownFileType = sourcecode.c.objc; path = AFHTTPRequestOperation.m; sourceTree = "<group>"; };
		A00B868118491AF100DF8F7D /* AFHTTPRequestOperationManager.h */ = {isa = PBXFileReference; fileEncoding = 4; lastKnownFileType = sourcecode.c.h; path = AFHTTPRequestOperationManager.h; sourceTree = "<group>"; };
		A00B868218491AF100DF8F7D /* AFHTTPRequestOperationManager.m */ = {isa = PBXFileReference; fileEncoding = 4; lastKnownFileType = sourcecode.c.objc; path = AFHTTPRequestOperationManager.m; sourceTree = "<group>"; };
		A00B868318491AF100DF8F7D /* AFHTTPSessionManager.h */ = {isa = PBXFileReference; fileEncoding = 4; lastKnownFileType = sourcecode.c.h; path = AFHTTPSessionManager.h; sourceTree = "<group>"; };
		A00B868418491AF100DF8F7D /* AFHTTPSessionManager.m */ = {isa = PBXFileReference; fileEncoding = 4; lastKnownFileType = sourcecode.c.objc; path = AFHTTPSessionManager.m; sourceTree = "<group>"; };
		A00B868518491AF100DF8F7D /* AFNetworking.h */ = {isa = PBXFileReference; fileEncoding = 4; lastKnownFileType = sourcecode.c.h; path = AFNetworking.h; sourceTree = "<group>"; };
		A00B868618491AF100DF8F7D /* AFNetworkReachabilityManager.h */ = {isa = PBXFileReference; fileEncoding = 4; lastKnownFileType = sourcecode.c.h; path = AFNetworkReachabilityManager.h; sourceTree = "<group>"; };
		A00B868718491AF100DF8F7D /* AFNetworkReachabilityManager.m */ = {isa = PBXFileReference; fileEncoding = 4; lastKnownFileType = sourcecode.c.objc; path = AFNetworkReachabilityManager.m; sourceTree = "<group>"; };
		A00B868818491AF100DF8F7D /* AFSecurityPolicy.h */ = {isa = PBXFileReference; fileEncoding = 4; lastKnownFileType = sourcecode.c.h; path = AFSecurityPolicy.h; sourceTree = "<group>"; };
		A00B868918491AF100DF8F7D /* AFSecurityPolicy.m */ = {isa = PBXFileReference; fileEncoding = 4; lastKnownFileType = sourcecode.c.objc; path = AFSecurityPolicy.m; sourceTree = "<group>"; };
		A00B868A18491AF100DF8F7D /* AFURLConnectionOperation.h */ = {isa = PBXFileReference; fileEncoding = 4; lastKnownFileType = sourcecode.c.h; path = AFURLConnectionOperation.h; sourceTree = "<group>"; };
		A00B868B18491AF100DF8F7D /* AFURLConnectionOperation.m */ = {isa = PBXFileReference; fileEncoding = 4; lastKnownFileType = sourcecode.c.objc; path = AFURLConnectionOperation.m; sourceTree = "<group>"; };
		A00B868C18491AF100DF8F7D /* AFURLRequestSerialization.h */ = {isa = PBXFileReference; fileEncoding = 4; lastKnownFileType = sourcecode.c.h; path = AFURLRequestSerialization.h; sourceTree = "<group>"; };
		A00B868D18491AF100DF8F7D /* AFURLRequestSerialization.m */ = {isa = PBXFileReference; fileEncoding = 4; lastKnownFileType = sourcecode.c.objc; path = AFURLRequestSerialization.m; sourceTree = "<group>"; };
		A00B868E18491AF100DF8F7D /* AFURLResponseSerialization.h */ = {isa = PBXFileReference; fileEncoding = 4; lastKnownFileType = sourcecode.c.h; path = AFURLResponseSerialization.h; sourceTree = "<group>"; };
		A00B868F18491AF100DF8F7D /* AFURLResponseSerialization.m */ = {isa = PBXFileReference; fileEncoding = 4; lastKnownFileType = sourcecode.c.objc; path = AFURLResponseSerialization.m; sourceTree = "<group>"; };
		A00B869018491AF100DF8F7D /* AFURLSessionManager.h */ = {isa = PBXFileReference; fileEncoding = 4; lastKnownFileType = sourcecode.c.h; path = AFURLSessionManager.h; sourceTree = "<group>"; };
		A00B869118491AF100DF8F7D /* AFURLSessionManager.m */ = {isa = PBXFileReference; fileEncoding = 4; lastKnownFileType = sourcecode.c.objc; path = AFURLSessionManager.m; sourceTree = "<group>"; };
		A010A9DF1854DEC200506C37 /* logo_1.png */ = {isa = PBXFileReference; lastKnownFileType = image.png; path = logo_1.png; sourceTree = "<group>"; };
		A010A9E01854DEC200506C37 /* logo_2.png */ = {isa = PBXFileReference; lastKnownFileType = image.png; path = logo_2.png; sourceTree = "<group>"; };
		A010A9E11854DEC200506C37 /* logo_3.png */ = {isa = PBXFileReference; lastKnownFileType = image.png; path = logo_3.png; sourceTree = "<group>"; };
		A010A9E51854E07A00506C37 /* splash_1.png */ = {isa = PBXFileReference; lastKnownFileType = image.png; path = splash_1.png; sourceTree = "<group>"; };
		A010A9E61854E07A00506C37 /* splash_2.png */ = {isa = PBXFileReference; lastKnownFileType = image.png; path = splash_2.png; sourceTree = "<group>"; };
		A010A9E91854E18D00506C37 /* Default-568h@2x.png */ = {isa = PBXFileReference; lastKnownFileType = image.png; path = "Default-568h@2x.png"; sourceTree = "<group>"; };
		A010A9ED1854EDE500506C37 /* head.png */ = {isa = PBXFileReference; lastKnownFileType = image.png; path = head.png; sourceTree = "<group>"; };
		A02D82ED182821E90087E1E7 /* Quiero Besarte.app */ = {isa = PBXFileReference; explicitFileType = wrapper.application; includeInIndex = 0; path = "Quiero Besarte.app"; sourceTree = BUILT_PRODUCTS_DIR; };
		A02D82F0182821E90087E1E7 /* Foundation.framework */ = {isa = PBXFileReference; lastKnownFileType = wrapper.framework; name = Foundation.framework; path = System/Library/Frameworks/Foundation.framework; sourceTree = SDKROOT; };
		A02D82F2182821EA0087E1E7 /* CoreGraphics.framework */ = {isa = PBXFileReference; lastKnownFileType = wrapper.framework; name = CoreGraphics.framework; path = System/Library/Frameworks/CoreGraphics.framework; sourceTree = SDKROOT; };
		A02D82F4182821EA0087E1E7 /* UIKit.framework */ = {isa = PBXFileReference; lastKnownFileType = wrapper.framework; name = UIKit.framework; path = System/Library/Frameworks/UIKit.framework; sourceTree = SDKROOT; };
		A02D82F8182821EA0087E1E7 /* Quiero Besarte-Info.plist */ = {isa = PBXFileReference; lastKnownFileType = text.plist.xml; path = "Quiero Besarte-Info.plist"; sourceTree = "<group>"; };
		A02D82FA182821EA0087E1E7 /* en */ = {isa = PBXFileReference; lastKnownFileType = text.plist.strings; name = en; path = en.lproj/InfoPlist.strings; sourceTree = "<group>"; };
		A02D82FC182821EA0087E1E7 /* main.m */ = {isa = PBXFileReference; lastKnownFileType = sourcecode.c.objc; path = main.m; sourceTree = "<group>"; };
		A02D82FE182821EA0087E1E7 /* Quiero Besarte-Prefix.pch */ = {isa = PBXFileReference; lastKnownFileType = sourcecode.c.h; path = "Quiero Besarte-Prefix.pch"; sourceTree = "<group>"; };
		A02D82FF182821EA0087E1E7 /* AppDelegate.h */ = {isa = PBXFileReference; lastKnownFileType = sourcecode.c.h; path = AppDelegate.h; sourceTree = "<group>"; };
		A02D8300182821EA0087E1E7 /* AppDelegate.m */ = {isa = PBXFileReference; lastKnownFileType = sourcecode.c.objc; path = AppDelegate.m; sourceTree = "<group>"; };
		A02D8303182821EA0087E1E7 /* Base */ = {isa = PBXFileReference; lastKnownFileType = file.storyboard; name = Base; path = Base.lproj/Main.storyboard; sourceTree = "<group>"; };
		A02D8305182821EA0087E1E7 /* ViewController.h */ = {isa = PBXFileReference; lastKnownFileType = sourcecode.c.h; path = ViewController.h; sourceTree = "<group>"; };
		A02D8306182821EA0087E1E7 /* ViewController.m */ = {isa = PBXFileReference; lastKnownFileType = sourcecode.c.objc; path = ViewController.m; sourceTree = "<group>"; };
		A02D8308182821EA0087E1E7 /* Images.xcassets */ = {isa = PBXFileReference; lastKnownFileType = folder.assetcatalog; path = Images.xcassets; sourceTree = "<group>"; };
		A02D830E182821EA0087E1E7 /* Quiero BesarteTests.xctest */ = {isa = PBXFileReference; explicitFileType = wrapper.cfbundle; includeInIndex = 0; path = "Quiero BesarteTests.xctest"; sourceTree = BUILT_PRODUCTS_DIR; };
		A02D830F182821EA0087E1E7 /* XCTest.framework */ = {isa = PBXFileReference; lastKnownFileType = wrapper.framework; name = XCTest.framework; path = Library/Frameworks/XCTest.framework; sourceTree = DEVELOPER_DIR; };
		A02D8317182821EA0087E1E7 /* Quiero BesarteTests-Info.plist */ = {isa = PBXFileReference; lastKnownFileType = text.plist.xml; path = "Quiero BesarteTests-Info.plist"; sourceTree = "<group>"; };
		A02D8319182821EA0087E1E7 /* en */ = {isa = PBXFileReference; lastKnownFileType = text.plist.strings; name = en; path = en.lproj/InfoPlist.strings; sourceTree = "<group>"; };
		A02D831B182821EA0087E1E7 /* Quiero_BesarteTests.m */ = {isa = PBXFileReference; lastKnownFileType = sourcecode.c.objc; path = Quiero_BesarteTests.m; sourceTree = "<group>"; };
		A067FDE1184A15C900FD70F4 /* MenuController.h */ = {isa = PBXFileReference; fileEncoding = 4; lastKnownFileType = sourcecode.c.h; path = MenuController.h; sourceTree = "<group>"; };
		A067FDE2184A15C900FD70F4 /* MenuController.m */ = {isa = PBXFileReference; fileEncoding = 4; lastKnownFileType = sourcecode.c.objc; path = MenuController.m; sourceTree = "<group>"; };
		A0E254021847CE8F0047EAF3 /* logo.png */ = {isa = PBXFileReference; lastKnownFileType = image.png; path = logo.png; sourceTree = "<group>"; };
		A0E254041847CFF40047EAF3 /* background.png */ = {isa = PBXFileReference; lastKnownFileType = image.png; path = background.png; sourceTree = "<group>"; };
		A0E254061847D2510047EAF3 /* facebook_icon.png */ = {isa = PBXFileReference; lastKnownFileType = image.png; path = facebook_icon.png; sourceTree = "<group>"; };
		A0E254071847D2510047EAF3 /* twitter_icon.png */ = {isa = PBXFileReference; lastKnownFileType = image.png; path = twitter_icon.png; sourceTree = "<group>"; };
		A0E254081847D2510047EAF3 /* vimeo_icon.png */ = {isa = PBXFileReference; lastKnownFileType = image.png; path = vimeo_icon.png; sourceTree = "<group>"; };
		A0EB1046184BD1910049F517 /* MWCaptionView.h */ = {isa = PBXFileReference; fileEncoding = 4; lastKnownFileType = sourcecode.c.h; path = MWCaptionView.h; sourceTree = "<group>"; };
		A0EB1047184BD1910049F517 /* MWCaptionView.m */ = {isa = PBXFileReference; fileEncoding = 4; lastKnownFileType = sourcecode.c.objc; path = MWCaptionView.m; sourceTree = "<group>"; };
		A0EB1048184BD1910049F517 /* MWCommon.h */ = {isa = PBXFileReference; fileEncoding = 4; lastKnownFileType = sourcecode.c.h; path = MWCommon.h; sourceTree = "<group>"; };
		A0EB1049184BD1910049F517 /* MWPhoto.h */ = {isa = PBXFileReference; fileEncoding = 4; lastKnownFileType = sourcecode.c.h; path = MWPhoto.h; sourceTree = "<group>"; };
		A0EB104A184BD1910049F517 /* MWPhoto.m */ = {isa = PBXFileReference; fileEncoding = 4; lastKnownFileType = sourcecode.c.objc; path = MWPhoto.m; sourceTree = "<group>"; };
		A0EB104B184BD1910049F517 /* MWPhotoBrowser.h */ = {isa = PBXFileReference; fileEncoding = 4; lastKnownFileType = sourcecode.c.h; path = MWPhotoBrowser.h; sourceTree = "<group>"; };
		A0EB104C184BD1910049F517 /* MWPhotoBrowser.m */ = {isa = PBXFileReference; fileEncoding = 4; lastKnownFileType = sourcecode.c.objc; path = MWPhotoBrowser.m; sourceTree = "<group>"; };
		A0EB104D184BD1910049F517 /* MWPhotoProtocol.h */ = {isa = PBXFileReference; fileEncoding = 4; lastKnownFileType = sourcecode.c.h; path = MWPhotoProtocol.h; sourceTree = "<group>"; };
		A0EB104E184BD1910049F517 /* MWTapDetectingImageView.h */ = {isa = PBXFileReference; fileEncoding = 4; lastKnownFileType = sourcecode.c.h; path = MWTapDetectingImageView.h; sourceTree = "<group>"; };
		A0EB104F184BD1910049F517 /* MWTapDetectingImageView.m */ = {isa = PBXFileReference; fileEncoding = 4; lastKnownFileType = sourcecode.c.objc; path = MWTapDetectingImageView.m; sourceTree = "<group>"; };
		A0EB1050184BD1910049F517 /* MWTapDetectingView.h */ = {isa = PBXFileReference; fileEncoding = 4; lastKnownFileType = sourcecode.c.h; path = MWTapDetectingView.h; sourceTree = "<group>"; };
		A0EB1051184BD1910049F517 /* MWTapDetectingView.m */ = {isa = PBXFileReference; fileEncoding = 4; lastKnownFileType = sourcecode.c.objc; path = MWTapDetectingView.m; sourceTree = "<group>"; };
		A0EB1052184BD1910049F517 /* MWZoomingScrollView.h */ = {isa = PBXFileReference; fileEncoding = 4; lastKnownFileType = sourcecode.c.h; path = MWZoomingScrollView.h; sourceTree = "<group>"; };
		A0EB1053184BD1910049F517 /* MWZoomingScrollView.m */ = {isa = PBXFileReference; fileEncoding = 4; lastKnownFileType = sourcecode.c.objc; path = MWZoomingScrollView.m; sourceTree = "<group>"; };
		A0EB1056184BD1910049F517 /* DACircularProgressView.h */ = {isa = PBXFileReference; fileEncoding = 4; lastKnownFileType = sourcecode.c.h; path = DACircularProgressView.h; sourceTree = "<group>"; };
		A0EB1057184BD1910049F517 /* DACircularProgressView.m */ = {isa = PBXFileReference; fileEncoding = 4; lastKnownFileType = sourcecode.c.objc; path = DACircularProgressView.m; sourceTree = "<group>"; };
		A0EB1059184BD1910049F517 /* MBProgressHUD.h */ = {isa = PBXFileReference; fileEncoding = 4; lastKnownFileType = sourcecode.c.h; path = MBProgressHUD.h; sourceTree = "<group>"; };
		A0EB105A184BD1910049F517 /* MBProgressHUD.m */ = {isa = PBXFileReference; fileEncoding = 4; lastKnownFileType = sourcecode.c.objc; path = MBProgressHUD.m; sourceTree = "<group>"; };
		A0EB105B184BD1910049F517 /* README.mdown */ = {isa = PBXFileReference; fileEncoding = 4; lastKnownFileType = text; path = README.mdown; sourceTree = "<group>"; };
		A0EB105D184BD1910049F517 /* LICENSE */ = {isa = PBXFileReference; fileEncoding = 4; lastKnownFileType = text; path = LICENSE; sourceTree = "<group>"; };
		A0EB105E184BD1910049F517 /* README.md */ = {isa = PBXFileReference; fileEncoding = 4; lastKnownFileType = text; path = README.md; sourceTree = "<group>"; };
		A0EB1060184BD1910049F517 /* NSData+GIF.h */ = {isa = PBXFileReference; fileEncoding = 4; lastKnownFileType = sourcecode.c.h; path = "NSData+GIF.h"; sourceTree = "<group>"; };
		A0EB1061184BD1910049F517 /* NSData+GIF.m */ = {isa = PBXFileReference; fileEncoding = 4; lastKnownFileType = sourcecode.c.objc; path = "NSData+GIF.m"; sourceTree = "<group>"; };
		A0EB1062184BD1910049F517 /* SDImageCache.h */ = {isa = PBXFileReference; fileEncoding = 4; lastKnownFileType = sourcecode.c.h; path = SDImageCache.h; sourceTree = "<group>"; };
		A0EB1063184BD1910049F517 /* SDImageCache.m */ = {isa = PBXFileReference; fileEncoding = 4; lastKnownFileType = sourcecode.c.objc; path = SDImageCache.m; sourceTree = "<group>"; };
		A0EB1064184BD1910049F517 /* SDWebImageCompat.h */ = {isa = PBXFileReference; fileEncoding = 4; lastKnownFileType = sourcecode.c.h; path = SDWebImageCompat.h; sourceTree = "<group>"; };
		A0EB1065184BD1910049F517 /* SDWebImageCompat.m */ = {isa = PBXFileReference; fileEncoding = 4; lastKnownFileType = sourcecode.c.objc; path = SDWebImageCompat.m; sourceTree = "<group>"; };
		A0EB1066184BD1910049F517 /* SDWebImageDecoder.h */ = {isa = PBXFileReference; fileEncoding = 4; lastKnownFileType = sourcecode.c.h; path = SDWebImageDecoder.h; sourceTree = "<group>"; };
		A0EB1067184BD1910049F517 /* SDWebImageDecoder.m */ = {isa = PBXFileReference; fileEncoding = 4; lastKnownFileType = sourcecode.c.objc; path = SDWebImageDecoder.m; sourceTree = "<group>"; };
		A0EB1068184BD1910049F517 /* SDWebImageDownloader.h */ = {isa = PBXFileReference; fileEncoding = 4; lastKnownFileType = sourcecode.c.h; path = SDWebImageDownloader.h; sourceTree = "<group>"; };
		A0EB1069184BD1910049F517 /* SDWebImageDownloader.m */ = {isa = PBXFileReference; fileEncoding = 4; lastKnownFileType = sourcecode.c.objc; path = SDWebImageDownloader.m; sourceTree = "<group>"; };
		A0EB106A184BD1910049F517 /* SDWebImageDownloaderOperation.h */ = {isa = PBXFileReference; fileEncoding = 4; lastKnownFileType = sourcecode.c.h; path = SDWebImageDownloaderOperation.h; sourceTree = "<group>"; };
		A0EB106B184BD1910049F517 /* SDWebImageDownloaderOperation.m */ = {isa = PBXFileReference; fileEncoding = 4; lastKnownFileType = sourcecode.c.objc; path = SDWebImageDownloaderOperation.m; sourceTree = "<group>"; };
		A0EB106C184BD1910049F517 /* SDWebImageManager.h */ = {isa = PBXFileReference; fileEncoding = 4; lastKnownFileType = sourcecode.c.h; path = SDWebImageManager.h; sourceTree = "<group>"; };
		A0EB106D184BD1910049F517 /* SDWebImageManager.m */ = {isa = PBXFileReference; fileEncoding = 4; lastKnownFileType = sourcecode.c.objc; path = SDWebImageManager.m; sourceTree = "<group>"; };
		A0EB106E184BD1910049F517 /* SDWebImageOperation.h */ = {isa = PBXFileReference; fileEncoding = 4; lastKnownFileType = sourcecode.c.h; path = SDWebImageOperation.h; sourceTree = "<group>"; };
		A0EB106F184BD1910049F517 /* SDWebImagePrefetcher.h */ = {isa = PBXFileReference; fileEncoding = 4; lastKnownFileType = sourcecode.c.h; path = SDWebImagePrefetcher.h; sourceTree = "<group>"; };
		A0EB1070184BD1910049F517 /* SDWebImagePrefetcher.m */ = {isa = PBXFileReference; fileEncoding = 4; lastKnownFileType = sourcecode.c.objc; path = SDWebImagePrefetcher.m; sourceTree = "<group>"; };
		A0EB1071184BD1910049F517 /* UIButton+WebCache.h */ = {isa = PBXFileReference; fileEncoding = 4; lastKnownFileType = sourcecode.c.h; path = "UIButton+WebCache.h"; sourceTree = "<group>"; };
		A0EB1072184BD1910049F517 /* UIButton+WebCache.m */ = {isa = PBXFileReference; fileEncoding = 4; lastKnownFileType = sourcecode.c.objc; path = "UIButton+WebCache.m"; sourceTree = "<group>"; };
		A0EB1073184BD1910049F517 /* UIImage+GIF.h */ = {isa = PBXFileReference; fileEncoding = 4; lastKnownFileType = sourcecode.c.h; path = "UIImage+GIF.h"; sourceTree = "<group>"; };
		A0EB1074184BD1910049F517 /* UIImage+GIF.m */ = {isa = PBXFileReference; fileEncoding = 4; lastKnownFileType = sourcecode.c.objc; path = "UIImage+GIF.m"; sourceTree = "<group>"; };
		A0EB1075184BD1910049F517 /* UIImage+MultiFormat.h */ = {isa = PBXFileReference; fileEncoding = 4; lastKnownFileType = sourcecode.c.h; path = "UIImage+MultiFormat.h"; sourceTree = "<group>"; };
		A0EB1076184BD1910049F517 /* UIImage+MultiFormat.m */ = {isa = PBXFileReference; fileEncoding = 4; lastKnownFileType = sourcecode.c.objc; path = "UIImage+MultiFormat.m"; sourceTree = "<group>"; };
		A0EB1077184BD1910049F517 /* UIImage+WebP.h */ = {isa = PBXFileReference; fileEncoding = 4; lastKnownFileType = sourcecode.c.h; path = "UIImage+WebP.h"; sourceTree = "<group>"; };
		A0EB1078184BD1910049F517 /* UIImage+WebP.m */ = {isa = PBXFileReference; fileEncoding = 4; lastKnownFileType = sourcecode.c.objc; path = "UIImage+WebP.m"; sourceTree = "<group>"; };
		A0EB1079184BD1910049F517 /* UIImageView+WebCache.h */ = {isa = PBXFileReference; fileEncoding = 4; lastKnownFileType = sourcecode.c.h; path = "UIImageView+WebCache.h"; sourceTree = "<group>"; };
		A0EB107A184BD1910049F517 /* UIImageView+WebCache.m */ = {isa = PBXFileReference; fileEncoding = 4; lastKnownFileType = sourcecode.c.objc; path = "UIImageView+WebCache.m"; sourceTree = "<group>"; };
		A0EB107B184BD1910049F517 /* MWPhotoBrowser-Prefix.pch */ = {isa = PBXFileReference; fileEncoding = 4; lastKnownFileType = sourcecode.c.h; path = "MWPhotoBrowser-Prefix.pch"; sourceTree = "<group>"; };
		A0EB107C184BD1910049F517 /* MWPhotoBrowser.bundle */ = {isa = PBXFileReference; lastKnownFileType = "wrapper.plug-in"; path = MWPhotoBrowser.bundle; sourceTree = "<group>"; };
		A0EB109C184BD2D30049F517 /* Image.h */ = {isa = PBXFileReference; fileEncoding = 4; lastKnownFileType = sourcecode.c.h; path = Image.h; sourceTree = "<group>"; };
		A0EB109D184BD2D30049F517 /* Image.m */ = {isa = PBXFileReference; fileEncoding = 4; lastKnownFileType = sourcecode.c.objc; path = Image.m; sourceTree = "<group>"; };
/* End PBXFileReference section */

/* Begin PBXFrameworksBuildPhase section */
		A02D82EA182821E90087E1E7 /* Frameworks */ = {
			isa = PBXFrameworksBuildPhase;
			buildActionMask = 2147483647;
			files = (
				A02D82F3182821EA0087E1E7 /* CoreGraphics.framework in Frameworks */,
				A02D82F5182821EA0087E1E7 /* UIKit.framework in Frameworks */,
				A02D82F1182821E90087E1E7 /* Foundation.framework in Frameworks */,
			);
			runOnlyForDeploymentPostprocessing = 0;
		};
		A02D830B182821EA0087E1E7 /* Frameworks */ = {
			isa = PBXFrameworksBuildPhase;
			buildActionMask = 2147483647;
			files = (
				A02D8310182821EA0087E1E7 /* XCTest.framework in Frameworks */,
				A02D8312182821EA0087E1E7 /* UIKit.framework in Frameworks */,
				A02D8311182821EA0087E1E7 /* Foundation.framework in Frameworks */,
			);
			runOnlyForDeploymentPostprocessing = 0;
		};
/* End PBXFrameworksBuildPhase section */

/* Begin PBXGroup section */
		A00B865C1849017200DF8F7D /* Classes */ = {
			isa = PBXGroup;
			children = (
				A00B865D184901A300DF8F7D /* API.h */,
				A00B865E184901A300DF8F7D /* API.m */,
				A0EB109C184BD2D30049F517 /* Image.h */,
				A0EB109D184BD2D30049F517 /* Image.m */,
			);
			name = Classes;
			sourceTree = "<group>";
		};
		A00B867D1849063600DF8F7D /* Screens */ = {
			isa = PBXGroup;
			children = (
				A02D8305182821EA0087E1E7 /* ViewController.h */,
				A02D8306182821EA0087E1E7 /* ViewController.m */,
				A067FDE1184A15C900FD70F4 /* MenuController.h */,
				A067FDE2184A15C900FD70F4 /* MenuController.m */,
			);
			name = Screens;
			sourceTree = "<group>";
		};
		A00B867E18491AF100DF8F7D /* AFNetworking */ = {
			isa = PBXGroup;
			children = (
				A00B867F18491AF100DF8F7D /* AFHTTPRequestOperation.h */,
				A00B868018491AF100DF8F7D /* AFHTTPRequestOperation.m */,
				A00B868118491AF100DF8F7D /* AFHTTPRequestOperationManager.h */,
				A00B868218491AF100DF8F7D /* AFHTTPRequestOperationManager.m */,
				A00B868318491AF100DF8F7D /* AFHTTPSessionManager.h */,
				A00B868418491AF100DF8F7D /* AFHTTPSessionManager.m */,
				A00B868518491AF100DF8F7D /* AFNetworking.h */,
				A00B868618491AF100DF8F7D /* AFNetworkReachabilityManager.h */,
				A00B868718491AF100DF8F7D /* AFNetworkReachabilityManager.m */,
				A00B868818491AF100DF8F7D /* AFSecurityPolicy.h */,
				A00B868918491AF100DF8F7D /* AFSecurityPolicy.m */,
				A00B868A18491AF100DF8F7D /* AFURLConnectionOperation.h */,
				A00B868B18491AF100DF8F7D /* AFURLConnectionOperation.m */,
				A00B868C18491AF100DF8F7D /* AFURLRequestSerialization.h */,
				A00B868D18491AF100DF8F7D /* AFURLRequestSerialization.m */,
				A00B868E18491AF100DF8F7D /* AFURLResponseSerialization.h */,
				A00B868F18491AF100DF8F7D /* AFURLResponseSerialization.m */,
				A00B869018491AF100DF8F7D /* AFURLSessionManager.h */,
				A00B869118491AF100DF8F7D /* AFURLSessionManager.m */,
			);
			path = AFNetworking;
			sourceTree = "<group>";
		};
		A02D82E4182821E90087E1E7 = {
			isa = PBXGroup;
			children = (
				A010A9E91854E18D00506C37 /* Default-568h@2x.png */,
				A02D82F6182821EA0087E1E7 /* Quiero Besarte */,
				A02D8315182821EA0087E1E7 /* Quiero BesarteTests */,
				A02D82EF182821E90087E1E7 /* Frameworks */,
				A02D82EE182821E90087E1E7 /* Products */,
			);
			sourceTree = "<group>";
		};
		A02D82EE182821E90087E1E7 /* Products */ = {
			isa = PBXGroup;
			children = (
				A02D82ED182821E90087E1E7 /* Quiero Besarte.app */,
				A02D830E182821EA0087E1E7 /* Quiero BesarteTests.xctest */,
			);
			name = Products;
			sourceTree = "<group>";
		};
		A02D82EF182821E90087E1E7 /* Frameworks */ = {
			isa = PBXGroup;
			children = (
				A02D82F0182821E90087E1E7 /* Foundation.framework */,
				A02D82F2182821EA0087E1E7 /* CoreGraphics.framework */,
				A02D82F4182821EA0087E1E7 /* UIKit.framework */,
				A02D830F182821EA0087E1E7 /* XCTest.framework */,
			);
			name = Frameworks;
			sourceTree = "<group>";
		};
		A02D82F6182821EA0087E1E7 /* Quiero Besarte */ = {
			isa = PBXGroup;
			children = (
				A067FD9E184A137900FD70F4 /* ExternalLibraries */,
				A00B867E18491AF100DF8F7D /* AFNetworking */,
				A00B867D1849063600DF8F7D /* Screens */,
				A00B865C1849017200DF8F7D /* Classes */,
				A02D8325182822500087E1E7 /* Resources */,
				A02D82FF182821EA0087E1E7 /* AppDelegate.h */,
				A02D8300182821EA0087E1E7 /* AppDelegate.m */,
				A02D8302182821EA0087E1E7 /* Main.storyboard */,
				A02D8308182821EA0087E1E7 /* Images.xcassets */,
				A02D82F7182821EA0087E1E7 /* Supporting Files */,
			);
			path = "Quiero Besarte";
			sourceTree = "<group>";
		};
		A02D82F7182821EA0087E1E7 /* Supporting Files */ = {
			isa = PBXGroup;
			children = (
				A02D82F8182821EA0087E1E7 /* Quiero Besarte-Info.plist */,
				A02D82F9182821EA0087E1E7 /* InfoPlist.strings */,
				A02D82FC182821EA0087E1E7 /* main.m */,
				A02D82FE182821EA0087E1E7 /* Quiero Besarte-Prefix.pch */,
			);
			name = "Supporting Files";
			sourceTree = "<group>";
		};
		A02D8315182821EA0087E1E7 /* Quiero BesarteTests */ = {
			isa = PBXGroup;
			children = (
				A02D831B182821EA0087E1E7 /* Quiero_BesarteTests.m */,
				A02D8316182821EA0087E1E7 /* Supporting Files */,
			);
			path = "Quiero BesarteTests";
			sourceTree = "<group>";
		};
		A02D8316182821EA0087E1E7 /* Supporting Files */ = {
			isa = PBXGroup;
			children = (
				A02D8317182821EA0087E1E7 /* Quiero BesarteTests-Info.plist */,
				A02D8318182821EA0087E1E7 /* InfoPlist.strings */,
			);
			name = "Supporting Files";
			sourceTree = "<group>";
		};
		A02D8325182822500087E1E7 /* Resources */ = {
			isa = PBXGroup;
			children = (
				A010A9ED1854EDE500506C37 /* head.png */,
				A010A9E51854E07A00506C37 /* splash_1.png */,
				A010A9E61854E07A00506C37 /* splash_2.png */,
				A010A9DF1854DEC200506C37 /* logo_1.png */,
				A010A9E01854DEC200506C37 /* logo_2.png */,
				A010A9E11854DEC200506C37 /* logo_3.png */,
				A0E254061847D2510047EAF3 /* facebook_icon.png */,
				A0E254071847D2510047EAF3 /* twitter_icon.png */,
				A0E254081847D2510047EAF3 /* vimeo_icon.png */,
				A0E254041847CFF40047EAF3 /* background.png */,
				A0E254021847CE8F0047EAF3 /* logo.png */,
			);
			name = Resources;
			sourceTree = "<group>";
		};
		A067FD9E184A137900FD70F4 /* ExternalLibraries */ = {
			isa = PBXGroup;
			children = (
				A0EB1044184BD1910049F517 /* MWPhotoBrowser */,
			);
			name = ExternalLibraries;
			sourceTree = "<group>";
		};
		A0EB1044184BD1910049F517 /* MWPhotoBrowser */ = {
			isa = PBXGroup;
			children = (
				A0EB1045184BD1910049F517 /* Classes */,
				A0EB1054184BD1910049F517 /* Libraries */,
				A0EB107B184BD1910049F517 /* MWPhotoBrowser-Prefix.pch */,
				A0EB107C184BD1910049F517 /* MWPhotoBrowser.bundle */,
			);
			path = MWPhotoBrowser;
			sourceTree = "<group>";
		};
		A0EB1045184BD1910049F517 /* Classes */ = {
			isa = PBXGroup;
			children = (
				A0EB1046184BD1910049F517 /* MWCaptionView.h */,
				A0EB1047184BD1910049F517 /* MWCaptionView.m */,
				A0EB1048184BD1910049F517 /* MWCommon.h */,
				A0EB1049184BD1910049F517 /* MWPhoto.h */,
				A0EB104A184BD1910049F517 /* MWPhoto.m */,
				A0EB104B184BD1910049F517 /* MWPhotoBrowser.h */,
				A0EB104C184BD1910049F517 /* MWPhotoBrowser.m */,
				A0EB104D184BD1910049F517 /* MWPhotoProtocol.h */,
				A0EB104E184BD1910049F517 /* MWTapDetectingImageView.h */,
				A0EB104F184BD1910049F517 /* MWTapDetectingImageView.m */,
				A0EB1050184BD1910049F517 /* MWTapDetectingView.h */,
				A0EB1051184BD1910049F517 /* MWTapDetectingView.m */,
				A0EB1052184BD1910049F517 /* MWZoomingScrollView.h */,
				A0EB1053184BD1910049F517 /* MWZoomingScrollView.m */,
			);
			path = Classes;
			sourceTree = "<group>";
		};
		A0EB1054184BD1910049F517 /* Libraries */ = {
			isa = PBXGroup;
			children = (
				A0EB1055184BD1910049F517 /* DACircularProgress */,
				A0EB1058184BD1910049F517 /* MBProgressHUD */,
				A0EB105C184BD1910049F517 /* SDWebImage */,
			);
			path = Libraries;
			sourceTree = "<group>";
		};
		A0EB1055184BD1910049F517 /* DACircularProgress */ = {
			isa = PBXGroup;
			children = (
				A0EB1056184BD1910049F517 /* DACircularProgressView.h */,
				A0EB1057184BD1910049F517 /* DACircularProgressView.m */,
			);
			path = DACircularProgress;
			sourceTree = "<group>";
		};
		A0EB1058184BD1910049F517 /* MBProgressHUD */ = {
			isa = PBXGroup;
			children = (
				A0EB1059184BD1910049F517 /* MBProgressHUD.h */,
				A0EB105A184BD1910049F517 /* MBProgressHUD.m */,
				A0EB105B184BD1910049F517 /* README.mdown */,
			);
			path = MBProgressHUD;
			sourceTree = "<group>";
		};
		A0EB105C184BD1910049F517 /* SDWebImage */ = {
			isa = PBXGroup;
			children = (
				A0EB105D184BD1910049F517 /* LICENSE */,
				A0EB105E184BD1910049F517 /* README.md */,
				A0EB105F184BD1910049F517 /* SDWebImage */,
			);
			path = SDWebImage;
			sourceTree = "<group>";
		};
		A0EB105F184BD1910049F517 /* SDWebImage */ = {
			isa = PBXGroup;
			children = (
				A0EB1060184BD1910049F517 /* NSData+GIF.h */,
				A0EB1061184BD1910049F517 /* NSData+GIF.m */,
				A0EB1062184BD1910049F517 /* SDImageCache.h */,
				A0EB1063184BD1910049F517 /* SDImageCache.m */,
				A0EB1064184BD1910049F517 /* SDWebImageCompat.h */,
				A0EB1065184BD1910049F517 /* SDWebImageCompat.m */,
				A0EB1066184BD1910049F517 /* SDWebImageDecoder.h */,
				A0EB1067184BD1910049F517 /* SDWebImageDecoder.m */,
				A0EB1068184BD1910049F517 /* SDWebImageDownloader.h */,
				A0EB1069184BD1910049F517 /* SDWebImageDownloader.m */,
				A0EB106A184BD1910049F517 /* SDWebImageDownloaderOperation.h */,
				A0EB106B184BD1910049F517 /* SDWebImageDownloaderOperation.m */,
				A0EB106C184BD1910049F517 /* SDWebImageManager.h */,
				A0EB106D184BD1910049F517 /* SDWebImageManager.m */,
				A0EB106E184BD1910049F517 /* SDWebImageOperation.h */,
				A0EB106F184BD1910049F517 /* SDWebImagePrefetcher.h */,
				A0EB1070184BD1910049F517 /* SDWebImagePrefetcher.m */,
				A0EB1071184BD1910049F517 /* UIButton+WebCache.h */,
				A0EB1072184BD1910049F517 /* UIButton+WebCache.m */,
				A0EB1073184BD1910049F517 /* UIImage+GIF.h */,
				A0EB1074184BD1910049F517 /* UIImage+GIF.m */,
				A0EB1075184BD1910049F517 /* UIImage+MultiFormat.h */,
				A0EB1076184BD1910049F517 /* UIImage+MultiFormat.m */,
				A0EB1077184BD1910049F517 /* UIImage+WebP.h */,
				A0EB1078184BD1910049F517 /* UIImage+WebP.m */,
				A0EB1079184BD1910049F517 /* UIImageView+WebCache.h */,
				A0EB107A184BD1910049F517 /* UIImageView+WebCache.m */,
			);
			path = SDWebImage;
			sourceTree = "<group>";
		};
/* End PBXGroup section */

/* Begin PBXNativeTarget section */
		A02D82EC182821E90087E1E7 /* Quiero Besarte */ = {
			isa = PBXNativeTarget;
			buildConfigurationList = A02D831F182821EA0087E1E7 /* Build configuration list for PBXNativeTarget "Quiero Besarte" */;
			buildPhases = (
				A02D82E9182821E90087E1E7 /* Sources */,
				A02D82EA182821E90087E1E7 /* Frameworks */,
				A02D82EB182821E90087E1E7 /* Resources */,
			);
			buildRules = (
			);
			dependencies = (
			);
			name = "Quiero Besarte";
			productName = "Quiero Besarte";
			productReference = A02D82ED182821E90087E1E7 /* Quiero Besarte.app */;
			productType = "com.apple.product-type.application";
		};
		A02D830D182821EA0087E1E7 /* Quiero BesarteTests */ = {
			isa = PBXNativeTarget;
			buildConfigurationList = A02D8322182821EA0087E1E7 /* Build configuration list for PBXNativeTarget "Quiero BesarteTests" */;
			buildPhases = (
				A02D830A182821EA0087E1E7 /* Sources */,
				A02D830B182821EA0087E1E7 /* Frameworks */,
				A02D830C182821EA0087E1E7 /* Resources */,
			);
			buildRules = (
			);
			dependencies = (
				A02D8314182821EA0087E1E7 /* PBXTargetDependency */,
			);
			name = "Quiero BesarteTests";
			productName = "Quiero BesarteTests";
			productReference = A02D830E182821EA0087E1E7 /* Quiero BesarteTests.xctest */;
			productType = "com.apple.product-type.bundle.unit-test";
		};
/* End PBXNativeTarget section */

/* Begin PBXProject section */
		A02D82E5182821E90087E1E7 /* Project object */ = {
			isa = PBXProject;
			attributes = {
				LastUpgradeCheck = 0500;
				ORGANIZATIONNAME = "José Manuel Roldán Marín";
				TargetAttributes = {
					A02D82EC182821E90087E1E7 = {
						DevelopmentTeam = R67RTKY9B5;
					};
					A02D830D182821EA0087E1E7 = {
						TestTargetID = A02D82EC182821E90087E1E7;
					};
				};
			};
			buildConfigurationList = A02D82E8182821E90087E1E7 /* Build configuration list for PBXProject "Quiero Besarte" */;
			compatibilityVersion = "Xcode 3.2";
			developmentRegion = English;
			hasScannedForEncodings = 0;
			knownRegions = (
				en,
				Base,
			);
			mainGroup = A02D82E4182821E90087E1E7;
			productRefGroup = A02D82EE182821E90087E1E7 /* Products */;
			projectDirPath = "";
			projectRoot = "";
			targets = (
				A02D82EC182821E90087E1E7 /* Quiero Besarte */,
				A02D830D182821EA0087E1E7 /* Quiero BesarteTests */,
			);
		};
/* End PBXProject section */

/* Begin PBXResourcesBuildPhase section */
		A02D82EB182821E90087E1E7 /* Resources */ = {
			isa = PBXResourcesBuildPhase;
			buildActionMask = 2147483647;
			files = (
				A0EB1088184BD1910049F517 /* README.mdown in Resources */,
				A0E254031847CE8F0047EAF3 /* logo.png in Resources */,
				A0E2540B1847D2510047EAF3 /* vimeo_icon.png in Resources */,
				A0EB1098184BD1910049F517 /* MWPhotoBrowser.bundle in Resources */,
				A0E2540A1847D2510047EAF3 /* twitter_icon.png in Resources */,
				A010A9E31854DEC200506C37 /* logo_2.png in Resources */,
				A0EB1089184BD1910049F517 /* LICENSE in Resources */,
				A0E254051847CFF40047EAF3 /* background.png in Resources */,
				A02D8309182821EA0087E1E7 /* Images.xcassets in Resources */,
				A02D82FB182821EA0087E1E7 /* InfoPlist.strings in Resources */,
				A010A9E71854E07A00506C37 /* splash_1.png in Resources */,
				A010A9EA1854E18D00506C37 /* Default-568h@2x.png in Resources */,
				A010A9EE1854EDE500506C37 /* head.png in Resources */,
				A0E254091847D2510047EAF3 /* facebook_icon.png in Resources */,
				A0EB108A184BD1910049F517 /* README.md in Resources */,
				A010A9E41854DEC200506C37 /* logo_3.png in Resources */,
				A010A9E81854E07A00506C37 /* splash_2.png in Resources */,
				A02D8304182821EA0087E1E7 /* Main.storyboard in Resources */,
				A010A9E21854DEC200506C37 /* logo_1.png in Resources */,
			);
			runOnlyForDeploymentPostprocessing = 0;
		};
		A02D830C182821EA0087E1E7 /* Resources */ = {
			isa = PBXResourcesBuildPhase;
			buildActionMask = 2147483647;
			files = (
				A02D831A182821EA0087E1E7 /* InfoPlist.strings in Resources */,
			);
			runOnlyForDeploymentPostprocessing = 0;
		};
/* End PBXResourcesBuildPhase section */

/* Begin PBXSourcesBuildPhase section */
		A02D82E9182821E90087E1E7 /* Sources */ = {
			isa = PBXSourcesBuildPhase;
			buildActionMask = 2147483647;
			files = (
				A02D8307182821EA0087E1E7 /* ViewController.m in Sources */,
				A067FDE3184A15C900FD70F4 /* MenuController.m in Sources */,
				A0EB1086184BD1910049F517 /* DACircularProgressView.m in Sources */,
				A0EB1081184BD1910049F517 /* MWPhoto.m in Sources */,
				A00B869618491AF100DF8F7D /* AFSecurityPolicy.m in Sources */,
				A00B865F184901A300DF8F7D /* API.m in Sources */,
				A0EB1090184BD1910049F517 /* SDWebImageDownloaderOperation.m in Sources */,
				A0EB1092184BD1910049F517 /* SDWebImagePrefetcher.m in Sources */,
				A00B869318491AF100DF8F7D /* AFHTTPRequestOperationManager.m in Sources */,
				A00B869718491AF100DF8F7D /* AFURLConnectionOperation.m in Sources */,
				A00B869218491AF100DF8F7D /* AFHTTPRequestOperation.m in Sources */,
				A0EB1095184BD1910049F517 /* UIImage+MultiFormat.m in Sources */,
				A0EB1080184BD1910049F517 /* MWCaptionView.m in Sources */,
				A0EB108B184BD1910049F517 /* NSData+GIF.m in Sources */,
				A0EB1093184BD1910049F517 /* UIButton+WebCache.m in Sources */,
				A0EB1094184BD1910049F517 /* UIImage+GIF.m in Sources */,
				A02D8301182821EA0087E1E7 /* AppDelegate.m in Sources */,
				A00B869818491AF100DF8F7D /* AFURLRequestSerialization.m in Sources */,
				A00B869418491AF100DF8F7D /* AFHTTPSessionManager.m in Sources */,
				A00B869518491AF100DF8F7D /* AFNetworkReachabilityManager.m in Sources */,
				A0EB108C184BD1910049F517 /* SDImageCache.m in Sources */,
				A00B869918491AF100DF8F7D /* AFURLResponseSerialization.m in Sources */,
				A0EB1091184BD1910049F517 /* SDWebImageManager.m in Sources */,
				A0EB1096184BD1910049F517 /* UIImage+WebP.m in Sources */,
				A0EB1083184BD1910049F517 /* MWTapDetectingImageView.m in Sources */,
				A0EB1097184BD1910049F517 /* UIImageView+WebCache.m in Sources */,
				A00B869A18491AF100DF8F7D /* AFURLSessionManager.m in Sources */,
				A0EB1085184BD1910049F517 /* MWZoomingScrollView.m in Sources */,
				A0EB108F184BD1910049F517 /* SDWebImageDownloader.m in Sources */,
				A0EB109E184BD2D30049F517 /* Image.m in Sources */,
				A0EB1084184BD1910049F517 /* MWTapDetectingView.m in Sources */,
				A0EB1082184BD1910049F517 /* MWPhotoBrowser.m in Sources */,
				A0EB108E184BD1910049F517 /* SDWebImageDecoder.m in Sources */,
				A0EB108D184BD1910049F517 /* SDWebImageCompat.m in Sources */,
				A02D82FD182821EA0087E1E7 /* main.m in Sources */,
				A0EB1087184BD1910049F517 /* MBProgressHUD.m in Sources */,
			);
			runOnlyForDeploymentPostprocessing = 0;
		};
		A02D830A182821EA0087E1E7 /* Sources */ = {
			isa = PBXSourcesBuildPhase;
			buildActionMask = 2147483647;
			files = (
				A02D831C182821EA0087E1E7 /* Quiero_BesarteTests.m in Sources */,
			);
			runOnlyForDeploymentPostprocessing = 0;
		};
/* End PBXSourcesBuildPhase section */

/* Begin PBXTargetDependency section */
		A02D8314182821EA0087E1E7 /* PBXTargetDependency */ = {
			isa = PBXTargetDependency;
			target = A02D82EC182821E90087E1E7 /* Quiero Besarte */;
			targetProxy = A02D8313182821EA0087E1E7 /* PBXContainerItemProxy */;
		};
/* End PBXTargetDependency section */

/* Begin PBXVariantGroup section */
		A02D82F9182821EA0087E1E7 /* InfoPlist.strings */ = {
			isa = PBXVariantGroup;
			children = (
				A02D82FA182821EA0087E1E7 /* en */,
			);
			name = InfoPlist.strings;
			sourceTree = "<group>";
		};
		A02D8302182821EA0087E1E7 /* Main.storyboard */ = {
			isa = PBXVariantGroup;
			children = (
				A02D8303182821EA0087E1E7 /* Base */,
			);
			name = Main.storyboard;
			sourceTree = "<group>";
		};
		A02D8318182821EA0087E1E7 /* InfoPlist.strings */ = {
			isa = PBXVariantGroup;
			children = (
				A02D8319182821EA0087E1E7 /* en */,
			);
			name = InfoPlist.strings;
			sourceTree = "<group>";
		};
/* End PBXVariantGroup section */

/* Begin XCBuildConfiguration section */
		A02D831D182821EA0087E1E7 /* Debug */ = {
			isa = XCBuildConfiguration;
			buildSettings = {
				ALWAYS_SEARCH_USER_PATHS = NO;
				ARCHS = "$(ARCHS_STANDARD_INCLUDING_64_BIT)";
				CLANG_CXX_LANGUAGE_STANDARD = "gnu++0x";
				CLANG_CXX_LIBRARY = "libc++";
				CLANG_ENABLE_MODULES = YES;
				CLANG_ENABLE_OBJC_ARC = YES;
				CLANG_WARN_BOOL_CONVERSION = YES;
				CLANG_WARN_CONSTANT_CONVERSION = YES;
				CLANG_WARN_DIRECT_OBJC_ISA_USAGE = YES_ERROR;
				CLANG_WARN_EMPTY_BODY = YES;
				CLANG_WARN_ENUM_CONVERSION = YES;
				CLANG_WARN_INT_CONVERSION = YES;
				CLANG_WARN_OBJC_ROOT_CLASS = YES_ERROR;
				CLANG_WARN__DUPLICATE_METHOD_MATCH = YES;
				"CODE_SIGN_IDENTITY[sdk=iphoneos*]" = "iPhone Developer";
				COPY_PHASE_STRIP = NO;
				GCC_C_LANGUAGE_STANDARD = gnu99;
				GCC_DYNAMIC_NO_PIC = NO;
				GCC_OPTIMIZATION_LEVEL = 0;
				GCC_PREPROCESSOR_DEFINITIONS = (
					"DEBUG=1",
					"$(inherited)",
				);
				GCC_SYMBOLS_PRIVATE_EXTERN = NO;
				GCC_WARN_64_TO_32_BIT_CONVERSION = YES;
				GCC_WARN_ABOUT_RETURN_TYPE = YES_ERROR;
				GCC_WARN_UNDECLARED_SELECTOR = YES;
				GCC_WARN_UNINITIALIZED_AUTOS = YES;
				GCC_WARN_UNUSED_FUNCTION = YES;
				GCC_WARN_UNUSED_VARIABLE = YES;
				IPHONEOS_DEPLOYMENT_TARGET = 7.0;
				ONLY_ACTIVE_ARCH = YES;
				SDKROOT = iphoneos;
			};
			name = Debug;
		};
		A02D831E182821EA0087E1E7 /* Release */ = {
			isa = XCBuildConfiguration;
			buildSettings = {
				ALWAYS_SEARCH_USER_PATHS = NO;
				ARCHS = "$(ARCHS_STANDARD_INCLUDING_64_BIT)";
				CLANG_CXX_LANGUAGE_STANDARD = "gnu++0x";
				CLANG_CXX_LIBRARY = "libc++";
				CLANG_ENABLE_MODULES = YES;
				CLANG_ENABLE_OBJC_ARC = YES;
				CLANG_WARN_BOOL_CONVERSION = YES;
				CLANG_WARN_CONSTANT_CONVERSION = YES;
				CLANG_WARN_DIRECT_OBJC_ISA_USAGE = YES_ERROR;
				CLANG_WARN_EMPTY_BODY = YES;
				CLANG_WARN_ENUM_CONVERSION = YES;
				CLANG_WARN_INT_CONVERSION = YES;
				CLANG_WARN_OBJC_ROOT_CLASS = YES_ERROR;
				CLANG_WARN__DUPLICATE_METHOD_MATCH = YES;
				"CODE_SIGN_IDENTITY[sdk=iphoneos*]" = "iPhone Developer";
				COPY_PHASE_STRIP = YES;
				ENABLE_NS_ASSERTIONS = NO;
				GCC_C_LANGUAGE_STANDARD = gnu99;
				GCC_WARN_64_TO_32_BIT_CONVERSION = YES;
				GCC_WARN_ABOUT_RETURN_TYPE = YES_ERROR;
				GCC_WARN_UNDECLARED_SELECTOR = YES;
				GCC_WARN_UNINITIALIZED_AUTOS = YES;
				GCC_WARN_UNUSED_FUNCTION = YES;
				GCC_WARN_UNUSED_VARIABLE = YES;
				IPHONEOS_DEPLOYMENT_TARGET = 7.0;
				SDKROOT = iphoneos;
				VALIDATE_PRODUCT = YES;
			};
			name = Release;
		};
		A02D8320182821EA0087E1E7 /* Debug */ = {
			isa = XCBuildConfiguration;
			buildSettings = {
				ASSETCATALOG_COMPILER_APPICON_NAME = AppIcon;
				CODE_SIGN_IDENTITY = "iPhone Developer";
				"CODE_SIGN_IDENTITY[sdk=iphoneos*]" = "iPhone Distribution";
				GCC_PRECOMPILE_PREFIX_HEADER = YES;
				GCC_PREFIX_HEADER = "Quiero Besarte/Quiero Besarte-Prefix.pch";
				INFOPLIST_FILE = "Quiero Besarte/Quiero Besarte-Info.plist";
				IPHONEOS_DEPLOYMENT_TARGET = 7.0;
				PRODUCT_NAME = "$(TARGET_NAME)";
				PROVISIONING_PROFILE = "5D119044-4F75-4503-8E61-BDEBF3E36647";
				WRAPPER_EXTENSION = app;
			};
			name = Debug;
		};
		A02D8321182821EA0087E1E7 /* Release */ = {
			isa = XCBuildConfiguration;
			buildSettings = {
				ASSETCATALOG_COMPILER_APPICON_NAME = AppIcon;
				CODE_SIGN_IDENTITY = "iPhone Developer";
				"CODE_SIGN_IDENTITY[sdk=iphoneos*]" = "iPhone Distribution";
				GCC_PRECOMPILE_PREFIX_HEADER = YES;
				GCC_PREFIX_HEADER = "Quiero Besarte/Quiero Besarte-Prefix.pch";
				INFOPLIST_FILE = "Quiero Besarte/Quiero Besarte-Info.plist";
				IPHONEOS_DEPLOYMENT_TARGET = 7.0;
				PRODUCT_NAME = "$(TARGET_NAME)";
				PROVISIONING_PROFILE = "5D119044-4F75-4503-8E61-BDEBF3E36647";
				WRAPPER_EXTENSION = app;
			};
			name = Release;
		};
		A02D8323182821EA0087E1E7 /* Debug */ = {
			isa = XCBuildConfiguration;
			buildSettings = {
				ARCHS = "$(ARCHS_STANDARD_INCLUDING_64_BIT)";
				BUNDLE_LOADER = "$(BUILT_PRODUCTS_DIR)/Quiero Besarte.app/Quiero Besarte";
				FRAMEWORK_SEARCH_PATHS = (
					"$(SDKROOT)/Developer/Library/Frameworks",
					"$(inherited)",
					"$(DEVELOPER_FRAMEWORKS_DIR)",
				);
				GCC_PRECOMPILE_PREFIX_HEADER = YES;
				GCC_PREFIX_HEADER = "Quiero Besarte/Quiero Besarte-Prefix.pch";
				GCC_PREPROCESSOR_DEFINITIONS = (
					"DEBUG=1",
					"$(inherited)",
				);
				INFOPLIST_FILE = "Quiero BesarteTests/Quiero BesarteTests-Info.plist";
				PRODUCT_NAME = "$(TARGET_NAME)";
				TEST_HOST = "$(BUNDLE_LOADER)";
				WRAPPER_EXTENSION = xctest;
			};
			name = Debug;
		};
		A02D8324182821EA0087E1E7 /* Release */ = {
			isa = XCBuildConfiguration;
			buildSettings = {
				ARCHS = "$(ARCHS_STANDARD_INCLUDING_64_BIT)";
				BUNDLE_LOADER = "$(BUILT_PRODUCTS_DIR)/Quiero Besarte.app/Quiero Besarte";
				FRAMEWORK_SEARCH_PATHS = (
					"$(SDKROOT)/Developer/Library/Frameworks",
					"$(inherited)",
					"$(DEVELOPER_FRAMEWORKS_DIR)",
				);
				GCC_PRECOMPILE_PREFIX_HEADER = YES;
				GCC_PREFIX_HEADER = "Quiero Besarte/Quiero Besarte-Prefix.pch";
				INFOPLIST_FILE = "Quiero BesarteTests/Quiero BesarteTests-Info.plist";
				PRODUCT_NAME = "$(TARGET_NAME)";
				TEST_HOST = "$(BUNDLE_LOADER)";
				WRAPPER_EXTENSION = xctest;
			};
			name = Release;
		};
/* End XCBuildConfiguration section */

/* Begin XCConfigurationList section */
		A02D82E8182821E90087E1E7 /* Build configuration list for PBXProject "Quiero Besarte" */ = {
			isa = XCConfigurationList;
			buildConfigurations = (
				A02D831D182821EA0087E1E7 /* Debug */,
				A02D831E182821EA0087E1E7 /* Release */,
			);
			defaultConfigurationIsVisible = 0;
			defaultConfigurationName = Release;
		};
		A02D831F182821EA0087E1E7 /* Build configuration list for PBXNativeTarget "Quiero Besarte" */ = {
			isa = XCConfigurationList;
			buildConfigurations = (
				A02D8320182821EA0087E1E7 /* Debug */,
				A02D8321182821EA0087E1E7 /* Release */,
			);
			defaultConfigurationIsVisible = 0;
			defaultConfigurationName = Release;
		};
		A02D8322182821EA0087E1E7 /* Build configuration list for PBXNativeTarget "Quiero BesarteTests" */ = {
			isa = XCConfigurationList;
			buildConfigurations = (
				A02D8323182821EA0087E1E7 /* Debug */,
				A02D8324182821EA0087E1E7 /* Release */,
			);
			defaultConfigurationIsVisible = 0;
			defaultConfigurationName = Release;
		};
/* End XCConfigurationList section */
	};
	rootObject = A02D82E5182821E90087E1E7 /* Project object */;
}
