// !$*UTF8*$!
{
	archiveVersion = 1;
	classes = {
	};
	objectVersion = 46;
	objects = {

/* Begin PBXBuildFile section */
		A000858D184A194A007083CB /* ViewerController.m in Sources */ = {isa = PBXBuildFile; fileRef = A000858C184A194A007083CB /* ViewerController.m */; };
		A0030517184A3D21000220AD /* IIIBaseData.m in Sources */ = {isa = PBXBuildFile; fileRef = A00304FE184A3D21000220AD /* IIIBaseData.m */; };
		A0030518184A3D21000220AD /* IIIFlowCell.m in Sources */ = {isa = PBXBuildFile; fileRef = A0030500184A3D21000220AD /* IIIFlowCell.m */; };
		A0030519184A3D21000220AD /* IIIFlowView.m in Sources */ = {isa = PBXBuildFile; fileRef = A0030502184A3D21000220AD /* IIIFlowView.m */; };
		A003051A184A3D21000220AD /* SDImageCache+IIIThumb.m in Sources */ = {isa = PBXBuildFile; fileRef = A0030505184A3D21000220AD /* SDImageCache+IIIThumb.m */; };
		A003051B184A3D21000220AD /* MKAnnotationView+WebCache.m in Sources */ = {isa = PBXBuildFile; fileRef = A0030508184A3D21000220AD /* MKAnnotationView+WebCache.m */; };
		A003051C184A3D21000220AD /* SDImageCache.m in Sources */ = {isa = PBXBuildFile; fileRef = A003050A184A3D21000220AD /* SDImageCache.m */; };
		A003051D184A3D21000220AD /* SDWebImageDecoder.m in Sources */ = {isa = PBXBuildFile; fileRef = A003050E184A3D21000220AD /* SDWebImageDecoder.m */; };
		A003051E184A3D21000220AD /* SDWebImageDownloader.m in Sources */ = {isa = PBXBuildFile; fileRef = A0030510184A3D21000220AD /* SDWebImageDownloader.m */; };
		A003051F184A3D21000220AD /* SDWebImageManager.m in Sources */ = {isa = PBXBuildFile; fileRef = A0030513184A3D21000220AD /* SDWebImageManager.m */; };
		A0030520184A3D21000220AD /* UIImage+IIIThumb.m in Sources */ = {isa = PBXBuildFile; fileRef = A0030516184A3D21000220AD /* UIImage+IIIThumb.m */; };
		A00B865F184901A300DF8F7D /* API.m in Sources */ = {isa = PBXBuildFile; fileRef = A00B865E184901A300DF8F7D /* API.m */; };
		A00B869218491AF100DF8F7D /* AFHTTPRequestOperation.m in Sources */ = {isa = PBXBuildFile; fileRef = A00B868018491AF100DF8F7D /* AFHTTPRequestOperation.m */; };
		A00B869318491AF100DF8F7D /* AFHTTPRequestOperationManager.m in Sources */ = {isa = PBXBuildFile; fileRef = A00B868218491AF100DF8F7D /* AFHTTPRequestOperationManager.m */; };
		A00B869418491AF100DF8F7D /* AFHTTPSessionManager.m in Sources */ = {isa = PBXBuildFile; fileRef = A00B868418491AF100DF8F7D /* AFHTTPSessionManager.m */; };
		A00B869518491AF100DF8F7D /* AFNetworkReachabilityManager.m in Sources */ = {isa = PBXBuildFile; fileRef = A00B868718491AF100DF8F7D /* AFNetworkReachabilityManager.m */; };
		A00B869618491AF100DF8F7D /* AFSecurityPolicy.m in Sources */ = {isa = PBXBuildFile; fileRef = A00B868918491AF100DF8F7D /* AFSecurityPolicy.m */; };
		A00B869718491AF100DF8F7D /* AFURLConnectionOperation.m in Sources */ = {isa = PBXBuildFile; fileRef = A00B868B18491AF100DF8F7D /* AFURLConnectionOperation.m */; };
		A00B869818491AF100DF8F7D /* AFURLRequestSerialization.m in Sources */ = {isa = PBXBuildFile; fileRef = A00B868D18491AF100DF8F7D /* AFURLRequestSerialization.m */; };
		A00B869918491AF100DF8F7D /* AFURLResponseSerialization.m in Sources */ = {isa = PBXBuildFile; fileRef = A00B868F18491AF100DF8F7D /* AFURLResponseSerialization.m */; };
		A00B869A18491AF100DF8F7D /* AFURLSessionManager.m in Sources */ = {isa = PBXBuildFile; fileRef = A00B869118491AF100DF8F7D /* AFURLSessionManager.m */; };
		A02D82F1182821E90087E1E7 /* Foundation.framework in Frameworks */ = {isa = PBXBuildFile; fileRef = A02D82F0182821E90087E1E7 /* Foundation.framework */; };
		A02D82F3182821EA0087E1E7 /* CoreGraphics.framework in Frameworks */ = {isa = PBXBuildFile; fileRef = A02D82F2182821EA0087E1E7 /* CoreGraphics.framework */; };
		A02D82F5182821EA0087E1E7 /* UIKit.framework in Frameworks */ = {isa = PBXBuildFile; fileRef = A02D82F4182821EA0087E1E7 /* UIKit.framework */; };
		A02D82FB182821EA0087E1E7 /* InfoPlist.strings in Resources */ = {isa = PBXBuildFile; fileRef = A02D82F9182821EA0087E1E7 /* InfoPlist.strings */; };
		A02D82FD182821EA0087E1E7 /* main.m in Sources */ = {isa = PBXBuildFile; fileRef = A02D82FC182821EA0087E1E7 /* main.m */; };
		A02D8301182821EA0087E1E7 /* AppDelegate.m in Sources */ = {isa = PBXBuildFile; fileRef = A02D8300182821EA0087E1E7 /* AppDelegate.m */; };
		A02D8304182821EA0087E1E7 /* Main.storyboard in Resources */ = {isa = PBXBuildFile; fileRef = A02D8302182821EA0087E1E7 /* Main.storyboard */; };
		A02D8307182821EA0087E1E7 /* ViewController.m in Sources */ = {isa = PBXBuildFile; fileRef = A02D8306182821EA0087E1E7 /* ViewController.m */; };
		A02D8309182821EA0087E1E7 /* Images.xcassets in Resources */ = {isa = PBXBuildFile; fileRef = A02D8308182821EA0087E1E7 /* Images.xcassets */; };
		A02D8310182821EA0087E1E7 /* XCTest.framework in Frameworks */ = {isa = PBXBuildFile; fileRef = A02D830F182821EA0087E1E7 /* XCTest.framework */; };
		A02D8311182821EA0087E1E7 /* Foundation.framework in Frameworks */ = {isa = PBXBuildFile; fileRef = A02D82F0182821E90087E1E7 /* Foundation.framework */; };
		A02D8312182821EA0087E1E7 /* UIKit.framework in Frameworks */ = {isa = PBXBuildFile; fileRef = A02D82F4182821EA0087E1E7 /* UIKit.framework */; };
		A02D831A182821EA0087E1E7 /* InfoPlist.strings in Resources */ = {isa = PBXBuildFile; fileRef = A02D8318182821EA0087E1E7 /* InfoPlist.strings */; };
		A02D831C182821EA0087E1E7 /* Quiero_BesarteTests.m in Sources */ = {isa = PBXBuildFile; fileRef = A02D831B182821EA0087E1E7 /* Quiero_BesarteTests.m */; };
		A067FDE3184A15C900FD70F4 /* MenuController.m in Sources */ = {isa = PBXBuildFile; fileRef = A067FDE2184A15C900FD70F4 /* MenuController.m */; };
		A0E254031847CE8F0047EAF3 /* logo.png in Resources */ = {isa = PBXBuildFile; fileRef = A0E254021847CE8F0047EAF3 /* logo.png */; };
		A0E254051847CFF40047EAF3 /* background.png in Resources */ = {isa = PBXBuildFile; fileRef = A0E254041847CFF40047EAF3 /* background.png */; };
		A0E254091847D2510047EAF3 /* facebook_icon.png in Resources */ = {isa = PBXBuildFile; fileRef = A0E254061847D2510047EAF3 /* facebook_icon.png */; };
		A0E2540A1847D2510047EAF3 /* twitter_icon.png in Resources */ = {isa = PBXBuildFile; fileRef = A0E254071847D2510047EAF3 /* twitter_icon.png */; };
		A0E2540B1847D2510047EAF3 /* vimeo_icon.png in Resources */ = {isa = PBXBuildFile; fileRef = A0E254081847D2510047EAF3 /* vimeo_icon.png */; };
/* End PBXBuildFile section */

/* Begin PBXContainerItemProxy section */
		A02D8313182821EA0087E1E7 /* PBXContainerItemProxy */ = {
			isa = PBXContainerItemProxy;
			containerPortal = A02D82E5182821E90087E1E7 /* Project object */;
			proxyType = 1;
			remoteGlobalIDString = A02D82EC182821E90087E1E7;
			remoteInfo = "Quiero Besarte";
		};
/* End PBXContainerItemProxy section */

/* Begin PBXFileReference section */
		A000858B184A194A007083CB /* ViewerController.h */ = {isa = PBXFileReference; fileEncoding = 4; lastKnownFileType = sourcecode.c.h; path = ViewerController.h; sourceTree = "<group>"; };
		A000858C184A194A007083CB /* ViewerController.m */ = {isa = PBXFileReference; fileEncoding = 4; lastKnownFileType = sourcecode.c.objc; path = ViewerController.m; sourceTree = "<group>"; };
		A00304FD184A3D21000220AD /* IIIBaseData.h */ = {isa = PBXFileReference; fileEncoding = 4; lastKnownFileType = sourcecode.c.h; path = IIIBaseData.h; sourceTree = "<group>"; };
		A00304FE184A3D21000220AD /* IIIBaseData.m */ = {isa = PBXFileReference; fileEncoding = 4; lastKnownFileType = sourcecode.c.objc; path = IIIBaseData.m; sourceTree = "<group>"; };
		A00304FF184A3D21000220AD /* IIIFlowCell.h */ = {isa = PBXFileReference; fileEncoding = 4; lastKnownFileType = sourcecode.c.h; path = IIIFlowCell.h; sourceTree = "<group>"; };
		A0030500184A3D21000220AD /* IIIFlowCell.m */ = {isa = PBXFileReference; fileEncoding = 4; lastKnownFileType = sourcecode.c.objc; path = IIIFlowCell.m; sourceTree = "<group>"; };
		A0030501184A3D21000220AD /* IIIFlowView.h */ = {isa = PBXFileReference; fileEncoding = 4; lastKnownFileType = sourcecode.c.h; path = IIIFlowView.h; sourceTree = "<group>"; };
		A0030502184A3D21000220AD /* IIIFlowView.m */ = {isa = PBXFileReference; fileEncoding = 4; lastKnownFileType = sourcecode.c.objc; path = IIIFlowView.m; sourceTree = "<group>"; };
		A0030503184A3D21000220AD /* IIIFlowViewDelegate.h */ = {isa = PBXFileReference; fileEncoding = 4; lastKnownFileType = sourcecode.c.h; path = IIIFlowViewDelegate.h; sourceTree = "<group>"; };
		A0030504184A3D21000220AD /* SDImageCache+IIIThumb.h */ = {isa = PBXFileReference; fileEncoding = 4; lastKnownFileType = sourcecode.c.h; path = "SDImageCache+IIIThumb.h"; sourceTree = "<group>"; };
		A0030505184A3D21000220AD /* SDImageCache+IIIThumb.m */ = {isa = PBXFileReference; fileEncoding = 4; lastKnownFileType = sourcecode.c.objc; path = "SDImageCache+IIIThumb.m"; sourceTree = "<group>"; };
		A0030507184A3D21000220AD /* MKAnnotationView+WebCache.h */ = {isa = PBXFileReference; fileEncoding = 4; lastKnownFileType = sourcecode.c.h; path = "MKAnnotationView+WebCache.h"; sourceTree = "<group>"; };
		A0030508184A3D21000220AD /* MKAnnotationView+WebCache.m */ = {isa = PBXFileReference; fileEncoding = 4; lastKnownFileType = sourcecode.c.objc; path = "MKAnnotationView+WebCache.m"; sourceTree = "<group>"; };
		A0030509184A3D21000220AD /* SDImageCache.h */ = {isa = PBXFileReference; fileEncoding = 4; lastKnownFileType = sourcecode.c.h; path = SDImageCache.h; sourceTree = "<group>"; };
		A003050A184A3D21000220AD /* SDImageCache.m */ = {isa = PBXFileReference; fileEncoding = 4; lastKnownFileType = sourcecode.c.objc; path = SDImageCache.m; sourceTree = "<group>"; };
		A003050B184A3D21000220AD /* SDImageCacheDelegate.h */ = {isa = PBXFileReference; fileEncoding = 4; lastKnownFileType = sourcecode.c.h; path = SDImageCacheDelegate.h; sourceTree = "<group>"; };
		A003050C184A3D21000220AD /* SDWebImageCompat.h */ = {isa = PBXFileReference; fileEncoding = 4; lastKnownFileType = sourcecode.c.h; path = SDWebImageCompat.h; sourceTree = "<group>"; };
		A003050D184A3D21000220AD /* SDWebImageDecoder.h */ = {isa = PBXFileReference; fileEncoding = 4; lastKnownFileType = sourcecode.c.h; path = SDWebImageDecoder.h; sourceTree = "<group>"; };
		A003050E184A3D21000220AD /* SDWebImageDecoder.m */ = {isa = PBXFileReference; fileEncoding = 4; lastKnownFileType = sourcecode.c.objc; path = SDWebImageDecoder.m; sourceTree = "<group>"; };
		A003050F184A3D21000220AD /* SDWebImageDownloader.h */ = {isa = PBXFileReference; fileEncoding = 4; lastKnownFileType = sourcecode.c.h; path = SDWebImageDownloader.h; sourceTree = "<group>"; };
		A0030510184A3D21000220AD /* SDWebImageDownloader.m */ = {isa = PBXFileReference; fileEncoding = 4; lastKnownFileType = sourcecode.c.objc; path = SDWebImageDownloader.m; sourceTree = "<group>"; };
		A0030511184A3D21000220AD /* SDWebImageDownloaderDelegate.h */ = {isa = PBXFileReference; fileEncoding = 4; lastKnownFileType = sourcecode.c.h; path = SDWebImageDownloaderDelegate.h; sourceTree = "<group>"; };
		A0030512184A3D21000220AD /* SDWebImageManager.h */ = {isa = PBXFileReference; fileEncoding = 4; lastKnownFileType = sourcecode.c.h; path = SDWebImageManager.h; sourceTree = "<group>"; };
		A0030513184A3D21000220AD /* SDWebImageManager.m */ = {isa = PBXFileReference; fileEncoding = 4; lastKnownFileType = sourcecode.c.objc; path = SDWebImageManager.m; sourceTree = "<group>"; };
		A0030514184A3D21000220AD /* SDWebImageManagerDelegate.h */ = {isa = PBXFileReference; fileEncoding = 4; lastKnownFileType = sourcecode.c.h; path = SDWebImageManagerDelegate.h; sourceTree = "<group>"; };
		A0030515184A3D21000220AD /* UIImage+IIIThumb.h */ = {isa = PBXFileReference; fileEncoding = 4; lastKnownFileType = sourcecode.c.h; path = "UIImage+IIIThumb.h"; sourceTree = "<group>"; };
		A0030516184A3D21000220AD /* UIImage+IIIThumb.m */ = {isa = PBXFileReference; fileEncoding = 4; lastKnownFileType = sourcecode.c.objc; path = "UIImage+IIIThumb.m"; sourceTree = "<group>"; };
		A00B865D184901A300DF8F7D /* API.h */ = {isa = PBXFileReference; fileEncoding = 4; lastKnownFileType = sourcecode.c.h; path = API.h; sourceTree = "<group>"; };
		A00B865E184901A300DF8F7D /* API.m */ = {isa = PBXFileReference; fileEncoding = 4; lastKnownFileType = sourcecode.c.objc; path = API.m; sourceTree = "<group>"; };
		A00B867F18491AF100DF8F7D /* AFHTTPRequestOperation.h */ = {isa = PBXFileReference; fileEncoding = 4; lastKnownFileType = sourcecode.c.h; path = AFHTTPRequestOperation.h; sourceTree = "<group>"; };
		A00B868018491AF100DF8F7D /* AFHTTPRequestOperation.m */ = {isa = PBXFileReference; fileEncoding = 4; lastKnownFileType = sourcecode.c.objc; path = AFHTTPRequestOperation.m; sourceTree = "<group>"; };
		A00B868118491AF100DF8F7D /* AFHTTPRequestOperationManager.h */ = {isa = PBXFileReference; fileEncoding = 4; lastKnownFileType = sourcecode.c.h; path = AFHTTPRequestOperationManager.h; sourceTree = "<group>"; };
		A00B868218491AF100DF8F7D /* AFHTTPRequestOperationManager.m */ = {isa = PBXFileReference; fileEncoding = 4; lastKnownFileType = sourcecode.c.objc; path = AFHTTPRequestOperationManager.m; sourceTree = "<group>"; };
		A00B868318491AF100DF8F7D /* AFHTTPSessionManager.h */ = {isa = PBXFileReference; fileEncoding = 4; lastKnownFileType = sourcecode.c.h; path = AFHTTPSessionManager.h; sourceTree = "<group>"; };
		A00B868418491AF100DF8F7D /* AFHTTPSessionManager.m */ = {isa = PBXFileReference; fileEncoding = 4; lastKnownFileType = sourcecode.c.objc; path = AFHTTPSessionManager.m; sourceTree = "<group>"; };
		A00B868518491AF100DF8F7D /* AFNetworking.h */ = {isa = PBXFileReference; fileEncoding = 4; lastKnownFileType = sourcecode.c.h; path = AFNetworking.h; sourceTree = "<group>"; };
		A00B868618491AF100DF8F7D /* AFNetworkReachabilityManager.h */ = {isa = PBXFileReference; fileEncoding = 4; lastKnownFileType = sourcecode.c.h; path = AFNetworkReachabilityManager.h; sourceTree = "<group>"; };
		A00B868718491AF100DF8F7D /* AFNetworkReachabilityManager.m */ = {isa = PBXFileReference; fileEncoding = 4; lastKnownFileType = sourcecode.c.objc; path = AFNetworkReachabilityManager.m; sourceTree = "<group>"; };
		A00B868818491AF100DF8F7D /* AFSecurityPolicy.h */ = {isa = PBXFileReference; fileEncoding = 4; lastKnownFileType = sourcecode.c.h; path = AFSecurityPolicy.h; sourceTree = "<group>"; };
		A00B868918491AF100DF8F7D /* AFSecurityPolicy.m */ = {isa = PBXFileReference; fileEncoding = 4; lastKnownFileType = sourcecode.c.objc; path = AFSecurityPolicy.m; sourceTree = "<group>"; };
		A00B868A18491AF100DF8F7D /* AFURLConnectionOperation.h */ = {isa = PBXFileReference; fileEncoding = 4; lastKnownFileType = sourcecode.c.h; path = AFURLConnectionOperation.h; sourceTree = "<group>"; };
		A00B868B18491AF100DF8F7D /* AFURLConnectionOperation.m */ = {isa = PBXFileReference; fileEncoding = 4; lastKnownFileType = sourcecode.c.objc; path = AFURLConnectionOperation.m; sourceTree = "<group>"; };
		A00B868C18491AF100DF8F7D /* AFURLRequestSerialization.h */ = {isa = PBXFileReference; fileEncoding = 4; lastKnownFileType = sourcecode.c.h; path = AFURLRequestSerialization.h; sourceTree = "<group>"; };
		A00B868D18491AF100DF8F7D /* AFURLRequestSerialization.m */ = {isa = PBXFileReference; fileEncoding = 4; lastKnownFileType = sourcecode.c.objc; path = AFURLRequestSerialization.m; sourceTree = "<group>"; };
		A00B868E18491AF100DF8F7D /* AFURLResponseSerialization.h */ = {isa = PBXFileReference; fileEncoding = 4; lastKnownFileType = sourcecode.c.h; path = AFURLResponseSerialization.h; sourceTree = "<group>"; };
		A00B868F18491AF100DF8F7D /* AFURLResponseSerialization.m */ = {isa = PBXFileReference; fileEncoding = 4; lastKnownFileType = sourcecode.c.objc; path = AFURLResponseSerialization.m; sourceTree = "<group>"; };
		A00B869018491AF100DF8F7D /* AFURLSessionManager.h */ = {isa = PBXFileReference; fileEncoding = 4; lastKnownFileType = sourcecode.c.h; path = AFURLSessionManager.h; sourceTree = "<group>"; };
		A00B869118491AF100DF8F7D /* AFURLSessionManager.m */ = {isa = PBXFileReference; fileEncoding = 4; lastKnownFileType = sourcecode.c.objc; path = AFURLSessionManager.m; sourceTree = "<group>"; };
		A02D82ED182821E90087E1E7 /* Quiero Besarte.app */ = {isa = PBXFileReference; explicitFileType = wrapper.application; includeInIndex = 0; path = "Quiero Besarte.app"; sourceTree = BUILT_PRODUCTS_DIR; };
		A02D82F0182821E90087E1E7 /* Foundation.framework */ = {isa = PBXFileReference; lastKnownFileType = wrapper.framework; name = Foundation.framework; path = System/Library/Frameworks/Foundation.framework; sourceTree = SDKROOT; };
		A02D82F2182821EA0087E1E7 /* CoreGraphics.framework */ = {isa = PBXFileReference; lastKnownFileType = wrapper.framework; name = CoreGraphics.framework; path = System/Library/Frameworks/CoreGraphics.framework; sourceTree = SDKROOT; };
		A02D82F4182821EA0087E1E7 /* UIKit.framework */ = {isa = PBXFileReference; lastKnownFileType = wrapper.framework; name = UIKit.framework; path = System/Library/Frameworks/UIKit.framework; sourceTree = SDKROOT; };
		A02D82F8182821EA0087E1E7 /* Quiero Besarte-Info.plist */ = {isa = PBXFileReference; lastKnownFileType = text.plist.xml; path = "Quiero Besarte-Info.plist"; sourceTree = "<group>"; };
		A02D82FA182821EA0087E1E7 /* en */ = {isa = PBXFileReference; lastKnownFileType = text.plist.strings; name = en; path = en.lproj/InfoPlist.strings; sourceTree = "<group>"; };
		A02D82FC182821EA0087E1E7 /* main.m */ = {isa = PBXFileReference; lastKnownFileType = sourcecode.c.objc; path = main.m; sourceTree = "<group>"; };
		A02D82FE182821EA0087E1E7 /* Quiero Besarte-Prefix.pch */ = {isa = PBXFileReference; lastKnownFileType = sourcecode.c.h; path = "Quiero Besarte-Prefix.pch"; sourceTree = "<group>"; };
		A02D82FF182821EA0087E1E7 /* AppDelegate.h */ = {isa = PBXFileReference; lastKnownFileType = sourcecode.c.h; path = AppDelegate.h; sourceTree = "<group>"; };
		A02D8300182821EA0087E1E7 /* AppDelegate.m */ = {isa = PBXFileReference; lastKnownFileType = sourcecode.c.objc; path = AppDelegate.m; sourceTree = "<group>"; };
		A02D8303182821EA0087E1E7 /* Base */ = {isa = PBXFileReference; lastKnownFileType = file.storyboard; name = Base; path = Base.lproj/Main.storyboard; sourceTree = "<group>"; };
		A02D8305182821EA0087E1E7 /* ViewController.h */ = {isa = PBXFileReference; lastKnownFileType = sourcecode.c.h; path = ViewController.h; sourceTree = "<group>"; };
		A02D8306182821EA0087E1E7 /* ViewController.m */ = {isa = PBXFileReference; lastKnownFileType = sourcecode.c.objc; path = ViewController.m; sourceTree = "<group>"; };
		A02D8308182821EA0087E1E7 /* Images.xcassets */ = {isa = PBXFileReference; lastKnownFileType = folder.assetcatalog; path = Images.xcassets; sourceTree = "<group>"; };
		A02D830E182821EA0087E1E7 /* Quiero BesarteTests.xctest */ = {isa = PBXFileReference; explicitFileType = wrapper.cfbundle; includeInIndex = 0; path = "Quiero BesarteTests.xctest"; sourceTree = BUILT_PRODUCTS_DIR; };
		A02D830F182821EA0087E1E7 /* XCTest.framework */ = {isa = PBXFileReference; lastKnownFileType = wrapper.framework; name = XCTest.framework; path = Library/Frameworks/XCTest.framework; sourceTree = DEVELOPER_DIR; };
		A02D8317182821EA0087E1E7 /* Quiero BesarteTests-Info.plist */ = {isa = PBXFileReference; lastKnownFileType = text.plist.xml; path = "Quiero BesarteTests-Info.plist"; sourceTree = "<group>"; };
		A02D8319182821EA0087E1E7 /* en */ = {isa = PBXFileReference; lastKnownFileType = text.plist.strings; name = en; path = en.lproj/InfoPlist.strings; sourceTree = "<group>"; };
		A02D831B182821EA0087E1E7 /* Quiero_BesarteTests.m */ = {isa = PBXFileReference; lastKnownFileType = sourcecode.c.objc; path = Quiero_BesarteTests.m; sourceTree = "<group>"; };
		A067FDE1184A15C900FD70F4 /* MenuController.h */ = {isa = PBXFileReference; fileEncoding = 4; lastKnownFileType = sourcecode.c.h; path = MenuController.h; sourceTree = "<group>"; };
		A067FDE2184A15C900FD70F4 /* MenuController.m */ = {isa = PBXFileReference; fileEncoding = 4; lastKnownFileType = sourcecode.c.objc; path = MenuController.m; sourceTree = "<group>"; };
		A0E254021847CE8F0047EAF3 /* logo.png */ = {isa = PBXFileReference; lastKnownFileType = image.png; path = logo.png; sourceTree = "<group>"; };
		A0E254041847CFF40047EAF3 /* background.png */ = {isa = PBXFileReference; lastKnownFileType = image.png; path = background.png; sourceTree = "<group>"; };
		A0E254061847D2510047EAF3 /* facebook_icon.png */ = {isa = PBXFileReference; lastKnownFileType = image.png; path = facebook_icon.png; sourceTree = "<group>"; };
		A0E254071847D2510047EAF3 /* twitter_icon.png */ = {isa = PBXFileReference; lastKnownFileType = image.png; path = twitter_icon.png; sourceTree = "<group>"; };
		A0E254081847D2510047EAF3 /* vimeo_icon.png */ = {isa = PBXFileReference; lastKnownFileType = image.png; path = vimeo_icon.png; sourceTree = "<group>"; };
/* End PBXFileReference section */

/* Begin PBXFrameworksBuildPhase section */
		A02D82EA182821E90087E1E7 /* Frameworks */ = {
			isa = PBXFrameworksBuildPhase;
			buildActionMask = 2147483647;
			files = (
				A02D82F3182821EA0087E1E7 /* CoreGraphics.framework in Frameworks */,
				A02D82F5182821EA0087E1E7 /* UIKit.framework in Frameworks */,
				A02D82F1182821E90087E1E7 /* Foundation.framework in Frameworks */,
			);
			runOnlyForDeploymentPostprocessing = 0;
		};
		A02D830B182821EA0087E1E7 /* Frameworks */ = {
			isa = PBXFrameworksBuildPhase;
			buildActionMask = 2147483647;
			files = (
				A02D8310182821EA0087E1E7 /* XCTest.framework in Frameworks */,
				A02D8312182821EA0087E1E7 /* UIKit.framework in Frameworks */,
				A02D8311182821EA0087E1E7 /* Foundation.framework in Frameworks */,
			);
			runOnlyForDeploymentPostprocessing = 0;
		};
/* End PBXFrameworksBuildPhase section */

/* Begin PBXGroup section */
		A00304FC184A3D21000220AD /* IIIThumbFlow */ = {
			isa = PBXGroup;
			children = (
				A00304FD184A3D21000220AD /* IIIBaseData.h */,
				A00304FE184A3D21000220AD /* IIIBaseData.m */,
				A00304FF184A3D21000220AD /* IIIFlowCell.h */,
				A0030500184A3D21000220AD /* IIIFlowCell.m */,
				A0030501184A3D21000220AD /* IIIFlowView.h */,
				A0030502184A3D21000220AD /* IIIFlowView.m */,
				A0030503184A3D21000220AD /* IIIFlowViewDelegate.h */,
				A0030504184A3D21000220AD /* SDImageCache+IIIThumb.h */,
				A0030505184A3D21000220AD /* SDImageCache+IIIThumb.m */,
				A0030506184A3D21000220AD /* SDWebImage */,
				A0030515184A3D21000220AD /* UIImage+IIIThumb.h */,
				A0030516184A3D21000220AD /* UIImage+IIIThumb.m */,
			);
			path = IIIThumbFlow;
			sourceTree = "<group>";
		};
		A0030506184A3D21000220AD /* SDWebImage */ = {
			isa = PBXGroup;
			children = (
				A0030507184A3D21000220AD /* MKAnnotationView+WebCache.h */,
				A0030508184A3D21000220AD /* MKAnnotationView+WebCache.m */,
				A0030509184A3D21000220AD /* SDImageCache.h */,
				A003050A184A3D21000220AD /* SDImageCache.m */,
				A003050B184A3D21000220AD /* SDImageCacheDelegate.h */,
				A003050C184A3D21000220AD /* SDWebImageCompat.h */,
				A003050D184A3D21000220AD /* SDWebImageDecoder.h */,
				A003050E184A3D21000220AD /* SDWebImageDecoder.m */,
				A003050F184A3D21000220AD /* SDWebImageDownloader.h */,
				A0030510184A3D21000220AD /* SDWebImageDownloader.m */,
				A0030511184A3D21000220AD /* SDWebImageDownloaderDelegate.h */,
				A0030512184A3D21000220AD /* SDWebImageManager.h */,
				A0030513184A3D21000220AD /* SDWebImageManager.m */,
				A0030514184A3D21000220AD /* SDWebImageManagerDelegate.h */,
			);
			path = SDWebImage;
			sourceTree = "<group>";
		};
		A00B865C1849017200DF8F7D /* Classes */ = {
			isa = PBXGroup;
			children = (
				A00B865D184901A300DF8F7D /* API.h */,
				A00B865E184901A300DF8F7D /* API.m */,
			);
			name = Classes;
			sourceTree = "<group>";
		};
		A00B867D1849063600DF8F7D /* Screens */ = {
			isa = PBXGroup;
			children = (
				A02D8305182821EA0087E1E7 /* ViewController.h */,
				A02D8306182821EA0087E1E7 /* ViewController.m */,
				A067FDE1184A15C900FD70F4 /* MenuController.h */,
				A067FDE2184A15C900FD70F4 /* MenuController.m */,
				A000858B184A194A007083CB /* ViewerController.h */,
				A000858C184A194A007083CB /* ViewerController.m */,
			);
			name = Screens;
			sourceTree = "<group>";
		};
		A00B867E18491AF100DF8F7D /* AFNetworking */ = {
			isa = PBXGroup;
			children = (
				A00B867F18491AF100DF8F7D /* AFHTTPRequestOperation.h */,
				A00B868018491AF100DF8F7D /* AFHTTPRequestOperation.m */,
				A00B868118491AF100DF8F7D /* AFHTTPRequestOperationManager.h */,
				A00B868218491AF100DF8F7D /* AFHTTPRequestOperationManager.m */,
				A00B868318491AF100DF8F7D /* AFHTTPSessionManager.h */,
				A00B868418491AF100DF8F7D /* AFHTTPSessionManager.m */,
				A00B868518491AF100DF8F7D /* AFNetworking.h */,
				A00B868618491AF100DF8F7D /* AFNetworkReachabilityManager.h */,
				A00B868718491AF100DF8F7D /* AFNetworkReachabilityManager.m */,
				A00B868818491AF100DF8F7D /* AFSecurityPolicy.h */,
				A00B868918491AF100DF8F7D /* AFSecurityPolicy.m */,
				A00B868A18491AF100DF8F7D /* AFURLConnectionOperation.h */,
				A00B868B18491AF100DF8F7D /* AFURLConnectionOperation.m */,
				A00B868C18491AF100DF8F7D /* AFURLRequestSerialization.h */,
				A00B868D18491AF100DF8F7D /* AFURLRequestSerialization.m */,
				A00B868E18491AF100DF8F7D /* AFURLResponseSerialization.h */,
				A00B868F18491AF100DF8F7D /* AFURLResponseSerialization.m */,
				A00B869018491AF100DF8F7D /* AFURLSessionManager.h */,
				A00B869118491AF100DF8F7D /* AFURLSessionManager.m */,
			);
			path = AFNetworking;
			sourceTree = "<group>";
		};
		A02D82E4182821E90087E1E7 = {
			isa = PBXGroup;
			children = (
				A02D82F6182821EA0087E1E7 /* Quiero Besarte */,
				A02D8315182821EA0087E1E7 /* Quiero BesarteTests */,
				A02D82EF182821E90087E1E7 /* Frameworks */,
				A02D82EE182821E90087E1E7 /* Products */,
			);
			sourceTree = "<group>";
		};
		A02D82EE182821E90087E1E7 /* Products */ = {
			isa = PBXGroup;
			children = (
				A02D82ED182821E90087E1E7 /* Quiero Besarte.app */,
				A02D830E182821EA0087E1E7 /* Quiero BesarteTests.xctest */,
			);
			name = Products;
			sourceTree = "<group>";
		};
		A02D82EF182821E90087E1E7 /* Frameworks */ = {
			isa = PBXGroup;
			children = (
				A02D82F0182821E90087E1E7 /* Foundation.framework */,
				A02D82F2182821EA0087E1E7 /* CoreGraphics.framework */,
				A02D82F4182821EA0087E1E7 /* UIKit.framework */,
				A02D830F182821EA0087E1E7 /* XCTest.framework */,
			);
			name = Frameworks;
			sourceTree = "<group>";
		};
		A02D82F6182821EA0087E1E7 /* Quiero Besarte */ = {
			isa = PBXGroup;
			children = (
				A067FD9E184A137900FD70F4 /* ExternalLibraries */,
				A00B867E18491AF100DF8F7D /* AFNetworking */,
				A00B867D1849063600DF8F7D /* Screens */,
				A00B865C1849017200DF8F7D /* Classes */,
				A02D8325182822500087E1E7 /* Resources */,
				A02D82FF182821EA0087E1E7 /* AppDelegate.h */,
				A02D8300182821EA0087E1E7 /* AppDelegate.m */,
				A02D8302182821EA0087E1E7 /* Main.storyboard */,
				A02D8308182821EA0087E1E7 /* Images.xcassets */,
				A02D82F7182821EA0087E1E7 /* Supporting Files */,
			);
			path = "Quiero Besarte";
			sourceTree = "<group>";
		};
		A02D82F7182821EA0087E1E7 /* Supporting Files */ = {
			isa = PBXGroup;
			children = (
				A02D82F8182821EA0087E1E7 /* Quiero Besarte-Info.plist */,
				A02D82F9182821EA0087E1E7 /* InfoPlist.strings */,
				A02D82FC182821EA0087E1E7 /* main.m */,
				A02D82FE182821EA0087E1E7 /* Quiero Besarte-Prefix.pch */,
			);
			name = "Supporting Files";
			sourceTree = "<group>";
		};
		A02D8315182821EA0087E1E7 /* Quiero BesarteTests */ = {
			isa = PBXGroup;
			children = (
				A02D831B182821EA0087E1E7 /* Quiero_BesarteTests.m */,
				A02D8316182821EA0087E1E7 /* Supporting Files */,
			);
			path = "Quiero BesarteTests";
			sourceTree = "<group>";
		};
		A02D8316182821EA0087E1E7 /* Supporting Files */ = {
			isa = PBXGroup;
			children = (
				A02D8317182821EA0087E1E7 /* Quiero BesarteTests-Info.plist */,
				A02D8318182821EA0087E1E7 /* InfoPlist.strings */,
			);
			name = "Supporting Files";
			sourceTree = "<group>";
		};
		A02D8325182822500087E1E7 /* Resources */ = {
			isa = PBXGroup;
			children = (
				A0E254061847D2510047EAF3 /* facebook_icon.png */,
				A0E254071847D2510047EAF3 /* twitter_icon.png */,
				A0E254081847D2510047EAF3 /* vimeo_icon.png */,
				A0E254041847CFF40047EAF3 /* background.png */,
				A0E254021847CE8F0047EAF3 /* logo.png */,
			);
			name = Resources;
			sourceTree = "<group>";
		};
		A067FD9E184A137900FD70F4 /* ExternalLibraries */ = {
			isa = PBXGroup;
			children = (
				A00304FC184A3D21000220AD /* IIIThumbFlow */,
			);
			name = ExternalLibraries;
			sourceTree = "<group>";
		};
/* End PBXGroup section */

/* Begin PBXNativeTarget section */
		A02D82EC182821E90087E1E7 /* Quiero Besarte */ = {
			isa = PBXNativeTarget;
			buildConfigurationList = A02D831F182821EA0087E1E7 /* Build configuration list for PBXNativeTarget "Quiero Besarte" */;
			buildPhases = (
				A02D82E9182821E90087E1E7 /* Sources */,
				A02D82EA182821E90087E1E7 /* Frameworks */,
				A02D82EB182821E90087E1E7 /* Resources */,
			);
			buildRules = (
			);
			dependencies = (
			);
			name = "Quiero Besarte";
			productName = "Quiero Besarte";
			productReference = A02D82ED182821E90087E1E7 /* Quiero Besarte.app */;
			productType = "com.apple.product-type.application";
		};
		A02D830D182821EA0087E1E7 /* Quiero BesarteTests */ = {
			isa = PBXNativeTarget;
			buildConfigurationList = A02D8322182821EA0087E1E7 /* Build configuration list for PBXNativeTarget "Quiero BesarteTests" */;
			buildPhases = (
				A02D830A182821EA0087E1E7 /* Sources */,
				A02D830B182821EA0087E1E7 /* Frameworks */,
				A02D830C182821EA0087E1E7 /* Resources */,
			);
			buildRules = (
			);
			dependencies = (
				A02D8314182821EA0087E1E7 /* PBXTargetDependency */,
			);
			name = "Quiero BesarteTests";
			productName = "Quiero BesarteTests";
			productReference = A02D830E182821EA0087E1E7 /* Quiero BesarteTests.xctest */;
			productType = "com.apple.product-type.bundle.unit-test";
		};
/* End PBXNativeTarget section */

/* Begin PBXProject section */
		A02D82E5182821E90087E1E7 /* Project object */ = {
			isa = PBXProject;
			attributes = {
				LastUpgradeCheck = 0500;
				ORGANIZATIONNAME = "José Manuel Roldán Marín";
				TargetAttributes = {
					A02D82EC182821E90087E1E7 = {
						DevelopmentTeam = R67RTKY9B5;
					};
					A02D830D182821EA0087E1E7 = {
						TestTargetID = A02D82EC182821E90087E1E7;
					};
				};
			};
			buildConfigurationList = A02D82E8182821E90087E1E7 /* Build configuration list for PBXProject "Quiero Besarte" */;
			compatibilityVersion = "Xcode 3.2";
			developmentRegion = English;
			hasScannedForEncodings = 0;
			knownRegions = (
				en,
				Base,
			);
			mainGroup = A02D82E4182821E90087E1E7;
			productRefGroup = A02D82EE182821E90087E1E7 /* Products */;
			projectDirPath = "";
			projectRoot = "";
			targets = (
				A02D82EC182821E90087E1E7 /* Quiero Besarte */,
				A02D830D182821EA0087E1E7 /* Quiero BesarteTests */,
			);
		};
/* End PBXProject section */

/* Begin PBXResourcesBuildPhase section */
		A02D82EB182821E90087E1E7 /* Resources */ = {
			isa = PBXResourcesBuildPhase;
			buildActionMask = 2147483647;
			files = (
				A0E254031847CE8F0047EAF3 /* logo.png in Resources */,
				A0E2540B1847D2510047EAF3 /* vimeo_icon.png in Resources */,
				A0E2540A1847D2510047EAF3 /* twitter_icon.png in Resources */,
				A0E254051847CFF40047EAF3 /* background.png in Resources */,
				A02D8309182821EA0087E1E7 /* Images.xcassets in Resources */,
				A02D82FB182821EA0087E1E7 /* InfoPlist.strings in Resources */,
				A0E254091847D2510047EAF3 /* facebook_icon.png in Resources */,
				A02D8304182821EA0087E1E7 /* Main.storyboard in Resources */,
			);
			runOnlyForDeploymentPostprocessing = 0;
		};
		A02D830C182821EA0087E1E7 /* Resources */ = {
			isa = PBXResourcesBuildPhase;
			buildActionMask = 2147483647;
			files = (
				A02D831A182821EA0087E1E7 /* InfoPlist.strings in Resources */,
			);
			runOnlyForDeploymentPostprocessing = 0;
		};
/* End PBXResourcesBuildPhase section */

/* Begin PBXSourcesBuildPhase section */
		A02D82E9182821E90087E1E7 /* Sources */ = {
			isa = PBXSourcesBuildPhase;
			buildActionMask = 2147483647;
			files = (
				A003051E184A3D21000220AD /* SDWebImageDownloader.m in Sources */,
				A0030519184A3D21000220AD /* IIIFlowView.m in Sources */,
				A02D8307182821EA0087E1E7 /* ViewController.m in Sources */,
				A067FDE3184A15C900FD70F4 /* MenuController.m in Sources */,
				A0030520184A3D21000220AD /* UIImage+IIIThumb.m in Sources */,
				A00B869618491AF100DF8F7D /* AFSecurityPolicy.m in Sources */,
				A00B865F184901A300DF8F7D /* API.m in Sources */,
				A00B869318491AF100DF8F7D /* AFHTTPRequestOperationManager.m in Sources */,
				A00B869718491AF100DF8F7D /* AFURLConnectionOperation.m in Sources */,
				A00B869218491AF100DF8F7D /* AFHTTPRequestOperation.m in Sources */,
				A003051F184A3D21000220AD /* SDWebImageManager.m in Sources */,
				A02D8301182821EA0087E1E7 /* AppDelegate.m in Sources */,
				A0030517184A3D21000220AD /* IIIBaseData.m in Sources */,
				A00B869818491AF100DF8F7D /* AFURLRequestSerialization.m in Sources */,
				A00B869418491AF100DF8F7D /* AFHTTPSessionManager.m in Sources */,
				A0030518184A3D21000220AD /* IIIFlowCell.m in Sources */,
				A003051C184A3D21000220AD /* SDImageCache.m in Sources */,
				A003051B184A3D21000220AD /* MKAnnotationView+WebCache.m in Sources */,
				A00B869518491AF100DF8F7D /* AFNetworkReachabilityManager.m in Sources */,
				A003051D184A3D21000220AD /* SDWebImageDecoder.m in Sources */,
				A00B869918491AF100DF8F7D /* AFURLResponseSerialization.m in Sources */,
				A00B869A18491AF100DF8F7D /* AFURLSessionManager.m in Sources */,
				A003051A184A3D21000220AD /* SDImageCache+IIIThumb.m in Sources */,
				A000858D184A194A007083CB /* ViewerController.m in Sources */,
				A02D82FD182821EA0087E1E7 /* main.m in Sources */,
			);
			runOnlyForDeploymentPostprocessing = 0;
		};
		A02D830A182821EA0087E1E7 /* Sources */ = {
			isa = PBXSourcesBuildPhase;
			buildActionMask = 2147483647;
			files = (
				A02D831C182821EA0087E1E7 /* Quiero_BesarteTests.m in Sources */,
			);
			runOnlyForDeploymentPostprocessing = 0;
		};
/* End PBXSourcesBuildPhase section */

/* Begin PBXTargetDependency section */
		A02D8314182821EA0087E1E7 /* PBXTargetDependency */ = {
			isa = PBXTargetDependency;
			target = A02D82EC182821E90087E1E7 /* Quiero Besarte */;
			targetProxy = A02D8313182821EA0087E1E7 /* PBXContainerItemProxy */;
		};
/* End PBXTargetDependency section */

/* Begin PBXVariantGroup section */
		A02D82F9182821EA0087E1E7 /* InfoPlist.strings */ = {
			isa = PBXVariantGroup;
			children = (
				A02D82FA182821EA0087E1E7 /* en */,
			);
			name = InfoPlist.strings;
			sourceTree = "<group>";
		};
		A02D8302182821EA0087E1E7 /* Main.storyboard */ = {
			isa = PBXVariantGroup;
			children = (
				A02D8303182821EA0087E1E7 /* Base */,
			);
			name = Main.storyboard;
			sourceTree = "<group>";
		};
		A02D8318182821EA0087E1E7 /* InfoPlist.strings */ = {
			isa = PBXVariantGroup;
			children = (
				A02D8319182821EA0087E1E7 /* en */,
			);
			name = InfoPlist.strings;
			sourceTree = "<group>";
		};
/* End PBXVariantGroup section */

/* Begin XCBuildConfiguration section */
		A02D831D182821EA0087E1E7 /* Debug */ = {
			isa = XCBuildConfiguration;
			buildSettings = {
				ALWAYS_SEARCH_USER_PATHS = NO;
				ARCHS = "$(ARCHS_STANDARD_INCLUDING_64_BIT)";
				CLANG_CXX_LANGUAGE_STANDARD = "gnu++0x";
				CLANG_CXX_LIBRARY = "libc++";
				CLANG_ENABLE_MODULES = YES;
				CLANG_ENABLE_OBJC_ARC = YES;
				CLANG_WARN_BOOL_CONVERSION = YES;
				CLANG_WARN_CONSTANT_CONVERSION = YES;
				CLANG_WARN_DIRECT_OBJC_ISA_USAGE = YES_ERROR;
				CLANG_WARN_EMPTY_BODY = YES;
				CLANG_WARN_ENUM_CONVERSION = YES;
				CLANG_WARN_INT_CONVERSION = YES;
				CLANG_WARN_OBJC_ROOT_CLASS = YES_ERROR;
				CLANG_WARN__DUPLICATE_METHOD_MATCH = YES;
				"CODE_SIGN_IDENTITY[sdk=iphoneos*]" = "iPhone Developer";
				COPY_PHASE_STRIP = NO;
				GCC_C_LANGUAGE_STANDARD = gnu99;
				GCC_DYNAMIC_NO_PIC = NO;
				GCC_OPTIMIZATION_LEVEL = 0;
				GCC_PREPROCESSOR_DEFINITIONS = (
					"DEBUG=1",
					"$(inherited)",
				);
				GCC_SYMBOLS_PRIVATE_EXTERN = NO;
				GCC_WARN_64_TO_32_BIT_CONVERSION = YES;
				GCC_WARN_ABOUT_RETURN_TYPE = YES_ERROR;
				GCC_WARN_UNDECLARED_SELECTOR = YES;
				GCC_WARN_UNINITIALIZED_AUTOS = YES;
				GCC_WARN_UNUSED_FUNCTION = YES;
				GCC_WARN_UNUSED_VARIABLE = YES;
				IPHONEOS_DEPLOYMENT_TARGET = 7.0;
				ONLY_ACTIVE_ARCH = YES;
				SDKROOT = iphoneos;
			};
			name = Debug;
		};
		A02D831E182821EA0087E1E7 /* Release */ = {
			isa = XCBuildConfiguration;
			buildSettings = {
				ALWAYS_SEARCH_USER_PATHS = NO;
				ARCHS = "$(ARCHS_STANDARD_INCLUDING_64_BIT)";
				CLANG_CXX_LANGUAGE_STANDARD = "gnu++0x";
				CLANG_CXX_LIBRARY = "libc++";
				CLANG_ENABLE_MODULES = YES;
				CLANG_ENABLE_OBJC_ARC = YES;
				CLANG_WARN_BOOL_CONVERSION = YES;
				CLANG_WARN_CONSTANT_CONVERSION = YES;
				CLANG_WARN_DIRECT_OBJC_ISA_USAGE = YES_ERROR;
				CLANG_WARN_EMPTY_BODY = YES;
				CLANG_WARN_ENUM_CONVERSION = YES;
				CLANG_WARN_INT_CONVERSION = YES;
				CLANG_WARN_OBJC_ROOT_CLASS = YES_ERROR;
				CLANG_WARN__DUPLICATE_METHOD_MATCH = YES;
				"CODE_SIGN_IDENTITY[sdk=iphoneos*]" = "iPhone Developer";
				COPY_PHASE_STRIP = YES;
				ENABLE_NS_ASSERTIONS = NO;
				GCC_C_LANGUAGE_STANDARD = gnu99;
				GCC_WARN_64_TO_32_BIT_CONVERSION = YES;
				GCC_WARN_ABOUT_RETURN_TYPE = YES_ERROR;
				GCC_WARN_UNDECLARED_SELECTOR = YES;
				GCC_WARN_UNINITIALIZED_AUTOS = YES;
				GCC_WARN_UNUSED_FUNCTION = YES;
				GCC_WARN_UNUSED_VARIABLE = YES;
				IPHONEOS_DEPLOYMENT_TARGET = 7.0;
				SDKROOT = iphoneos;
				VALIDATE_PRODUCT = YES;
			};
			name = Release;
		};
		A02D8320182821EA0087E1E7 /* Debug */ = {
			isa = XCBuildConfiguration;
			buildSettings = {
				ASSETCATALOG_COMPILER_LAUNCHIMAGE_NAME = LaunchImage;
				CODE_SIGN_IDENTITY = "iPhone Developer";
				"CODE_SIGN_IDENTITY[sdk=iphoneos*]" = "iPhone Developer";
				GCC_PRECOMPILE_PREFIX_HEADER = YES;
				GCC_PREFIX_HEADER = "Quiero Besarte/Quiero Besarte-Prefix.pch";
				INFOPLIST_FILE = "Quiero Besarte/Quiero Besarte-Info.plist";
				IPHONEOS_DEPLOYMENT_TARGET = 7.0;
				PRODUCT_NAME = "$(TARGET_NAME)";
				PROVISIONING_PROFILE = "89B907DC-A5B7-42CA-9D01-ADDE50F79285";
				WRAPPER_EXTENSION = app;
			};
			name = Debug;
		};
		A02D8321182821EA0087E1E7 /* Release */ = {
			isa = XCBuildConfiguration;
			buildSettings = {
				ASSETCATALOG_COMPILER_LAUNCHIMAGE_NAME = LaunchImage;
				CODE_SIGN_IDENTITY = "iPhone Developer";
				"CODE_SIGN_IDENTITY[sdk=iphoneos*]" = "iPhone Developer";
				GCC_PRECOMPILE_PREFIX_HEADER = YES;
				GCC_PREFIX_HEADER = "Quiero Besarte/Quiero Besarte-Prefix.pch";
				INFOPLIST_FILE = "Quiero Besarte/Quiero Besarte-Info.plist";
				IPHONEOS_DEPLOYMENT_TARGET = 7.0;
				PRODUCT_NAME = "$(TARGET_NAME)";
				PROVISIONING_PROFILE = "89B907DC-A5B7-42CA-9D01-ADDE50F79285";
				WRAPPER_EXTENSION = app;
			};
			name = Release;
		};
		A02D8323182821EA0087E1E7 /* Debug */ = {
			isa = XCBuildConfiguration;
			buildSettings = {
				ARCHS = "$(ARCHS_STANDARD_INCLUDING_64_BIT)";
				BUNDLE_LOADER = "$(BUILT_PRODUCTS_DIR)/Quiero Besarte.app/Quiero Besarte";
				FRAMEWORK_SEARCH_PATHS = (
					"$(SDKROOT)/Developer/Library/Frameworks",
					"$(inherited)",
					"$(DEVELOPER_FRAMEWORKS_DIR)",
				);
				GCC_PRECOMPILE_PREFIX_HEADER = YES;
				GCC_PREFIX_HEADER = "Quiero Besarte/Quiero Besarte-Prefix.pch";
				GCC_PREPROCESSOR_DEFINITIONS = (
					"DEBUG=1",
					"$(inherited)",
				);
				INFOPLIST_FILE = "Quiero BesarteTests/Quiero BesarteTests-Info.plist";
				PRODUCT_NAME = "$(TARGET_NAME)";
				TEST_HOST = "$(BUNDLE_LOADER)";
				WRAPPER_EXTENSION = xctest;
			};
			name = Debug;
		};
		A02D8324182821EA0087E1E7 /* Release */ = {
			isa = XCBuildConfiguration;
			buildSettings = {
				ARCHS = "$(ARCHS_STANDARD_INCLUDING_64_BIT)";
				BUNDLE_LOADER = "$(BUILT_PRODUCTS_DIR)/Quiero Besarte.app/Quiero Besarte";
				FRAMEWORK_SEARCH_PATHS = (
					"$(SDKROOT)/Developer/Library/Frameworks",
					"$(inherited)",
					"$(DEVELOPER_FRAMEWORKS_DIR)",
				);
				GCC_PRECOMPILE_PREFIX_HEADER = YES;
				GCC_PREFIX_HEADER = "Quiero Besarte/Quiero Besarte-Prefix.pch";
				INFOPLIST_FILE = "Quiero BesarteTests/Quiero BesarteTests-Info.plist";
				PRODUCT_NAME = "$(TARGET_NAME)";
				TEST_HOST = "$(BUNDLE_LOADER)";
				WRAPPER_EXTENSION = xctest;
			};
			name = Release;
		};
/* End XCBuildConfiguration section */

/* Begin XCConfigurationList section */
		A02D82E8182821E90087E1E7 /* Build configuration list for PBXProject "Quiero Besarte" */ = {
			isa = XCConfigurationList;
			buildConfigurations = (
				A02D831D182821EA0087E1E7 /* Debug */,
				A02D831E182821EA0087E1E7 /* Release */,
			);
			defaultConfigurationIsVisible = 0;
			defaultConfigurationName = Release;
		};
		A02D831F182821EA0087E1E7 /* Build configuration list for PBXNativeTarget "Quiero Besarte" */ = {
			isa = XCConfigurationList;
			buildConfigurations = (
				A02D8320182821EA0087E1E7 /* Debug */,
				A02D8321182821EA0087E1E7 /* Release */,
			);
			defaultConfigurationIsVisible = 0;
			defaultConfigurationName = Release;
		};
		A02D8322182821EA0087E1E7 /* Build configuration list for PBXNativeTarget "Quiero BesarteTests" */ = {
			isa = XCConfigurationList;
			buildConfigurations = (
				A02D8323182821EA0087E1E7 /* Debug */,
				A02D8324182821EA0087E1E7 /* Release */,
			);
			defaultConfigurationIsVisible = 0;
			defaultConfigurationName = Release;
		};
/* End XCConfigurationList section */
	};
	rootObject = A02D82E5182821E90087E1E7 /* Project object */;
}
